{
  "version": 4,
  "terraform_version": "1.1.8",
  "serial": 2490,
  "lineage": "6e6926d4-07c1-fca3-2975-ece3e5c175ca",
  "outputs": {
    "instance_lb_ip_addr": {
      "value": "35.238.191.193",
      "type": "string"
    },
    "instance_master_ip_addr": {
      "value": [
        "35.238.174.165",
        "35.238.59.249"
      ],
      "type": [
        "tuple",
        [
          "string",
          "string"
        ]
      ]
    },
    "instance_worker_ip_addr": {
      "value": [
        "10.20.0.21"
      ],
      "type": [
        "tuple",
        [
          "string"
        ]
      ]
    }
  },
  "resources": [
    {
      "mode": "managed",
      "type": "google_compute_address",
      "name": "lb",
      "provider": "provider[\"registry.terraform.io/hashicorp/google\"]",
      "instances": [
        {
          "schema_version": 0,
          "attributes": {
            "address": "35.238.191.193",
            "address_type": "EXTERNAL",
            "creation_timestamp": "2022-04-16T14:27:33.959-07:00",
            "description": "",
            "id": "projects/learning-devops-341309/regions/us-central1/addresses/lb-public-address",
            "name": "lb-public-address",
            "network": "",
            "network_tier": "PREMIUM",
            "prefix_length": 0,
            "project": "learning-devops-341309",
            "purpose": "",
            "region": "us-central1",
            "self_link": "https://www.googleapis.com/compute/v1/projects/learning-devops-341309/regions/us-central1/addresses/lb-public-address",
            "subnetwork": "",
            "timeouts": null,
            "users": []
          },
          "sensitive_attributes": [],
          "private": "eyJlMmJmYjczMC1lY2FhLTExZTYtOGY4OC0zNDM2M2JjN2M0YzAiOnsiY3JlYXRlIjoxMjAwMDAwMDAwMDAwLCJkZWxldGUiOjEyMDAwMDAwMDAwMDB9fQ=="
        }
      ]
    },
    {
      "mode": "managed",
      "type": "google_compute_address",
      "name": "master",
      "provider": "provider[\"registry.terraform.io/hashicorp/google\"]",
      "instances": [
        {
          "index_key": 0,
          "schema_version": 0,
          "attributes": {
            "address": "35.238.174.165",
            "address_type": "EXTERNAL",
            "creation_timestamp": "2022-04-16T14:27:33.966-07:00",
            "description": "",
            "id": "projects/learning-devops-341309/regions/us-central1/addresses/master1-public-address",
            "name": "master1-public-address",
            "network": "",
            "network_tier": "PREMIUM",
            "prefix_length": 0,
            "project": "learning-devops-341309",
            "purpose": "",
            "region": "us-central1",
            "self_link": "https://www.googleapis.com/compute/v1/projects/learning-devops-341309/regions/us-central1/addresses/master1-public-address",
            "subnetwork": "",
            "timeouts": null,
            "users": []
          },
          "sensitive_attributes": [],
          "private": "eyJlMmJmYjczMC1lY2FhLTExZTYtOGY4OC0zNDM2M2JjN2M0YzAiOnsiY3JlYXRlIjoxMjAwMDAwMDAwMDAwLCJkZWxldGUiOjEyMDAwMDAwMDAwMDB9fQ=="
        },
        {
          "index_key": 1,
          "schema_version": 0,
          "attributes": {
            "address": "35.238.59.249",
            "address_type": "EXTERNAL",
            "creation_timestamp": "2022-04-16T14:27:33.977-07:00",
            "description": "",
            "id": "projects/learning-devops-341309/regions/us-central1/addresses/master2-public-address",
            "name": "master2-public-address",
            "network": "",
            "network_tier": "PREMIUM",
            "prefix_length": 0,
            "project": "learning-devops-341309",
            "purpose": "",
            "region": "us-central1",
            "self_link": "https://www.googleapis.com/compute/v1/projects/learning-devops-341309/regions/us-central1/addresses/master2-public-address",
            "subnetwork": "",
            "timeouts": null,
            "users": []
          },
          "sensitive_attributes": [],
          "private": "eyJlMmJmYjczMC1lY2FhLTExZTYtOGY4OC0zNDM2M2JjN2M0YzAiOnsiY3JlYXRlIjoxMjAwMDAwMDAwMDAwLCJkZWxldGUiOjEyMDAwMDAwMDAwMDB9fQ=="
        }
      ]
    },
    {
      "mode": "managed",
      "type": "google_compute_address",
      "name": "nat",
      "provider": "provider[\"registry.terraform.io/hashicorp/google\"]",
      "instances": [
        {
          "schema_version": 0,
          "attributes": {
            "address": "34.132.92.125",
            "address_type": "EXTERNAL",
            "creation_timestamp": "2022-04-16T14:27:33.962-07:00",
            "description": "",
            "id": "projects/learning-devops-341309/regions/us-central1/addresses/nat-public-address",
            "name": "nat-public-address",
            "network": "",
            "network_tier": "PREMIUM",
            "prefix_length": 0,
            "project": "learning-devops-341309",
            "purpose": "",
            "region": "us-central1",
            "self_link": "https://www.googleapis.com/compute/v1/projects/learning-devops-341309/regions/us-central1/addresses/nat-public-address",
            "subnetwork": "",
            "timeouts": null,
            "users": []
          },
          "sensitive_attributes": [],
          "private": "eyJlMmJmYjczMC1lY2FhLTExZTYtOGY4OC0zNDM2M2JjN2M0YzAiOnsiY3JlYXRlIjoxMjAwMDAwMDAwMDAwLCJkZWxldGUiOjEyMDAwMDAwMDAwMDB9fQ=="
        }
      ]
    },
    {
      "mode": "managed",
      "type": "google_compute_firewall",
      "name": "http",
      "provider": "provider[\"registry.terraform.io/hashicorp/google\"]",
      "instances": [
        {
          "schema_version": 1,
          "attributes": {
            "allow": [
              {
                "ports": [
                  "80"
                ],
                "protocol": "tcp"
              }
            ],
            "creation_timestamp": "2022-04-16T14:28:06.297-07:00",
            "deny": [],
            "description": "",
            "destination_ranges": [],
            "direction": "INGRESS",
            "disabled": false,
            "enable_logging": null,
            "id": "projects/learning-devops-341309/global/firewalls/tf-firewall-http",
            "log_config": [],
            "name": "tf-firewall-http",
            "network": "https://www.googleapis.com/compute/v1/projects/learning-devops-341309/global/networks/tf",
            "priority": 1000,
            "project": "learning-devops-341309",
            "self_link": "https://www.googleapis.com/compute/v1/projects/learning-devops-341309/global/firewalls/tf-firewall-http",
            "source_ranges": [
              "0.0.0.0/0"
            ],
            "source_service_accounts": null,
            "source_tags": null,
            "target_service_accounts": null,
            "target_tags": [
              "tf-firewall-http"
            ],
            "timeouts": null
          },
          "sensitive_attributes": [],
          "private": "eyJlMmJmYjczMC1lY2FhLTExZTYtOGY4OC0zNDM2M2JjN2M0YzAiOnsiY3JlYXRlIjoxMjAwMDAwMDAwMDAwLCJkZWxldGUiOjEyMDAwMDAwMDAwMDAsInVwZGF0ZSI6MTIwMDAwMDAwMDAwMH0sInNjaGVtYV92ZXJzaW9uIjoiMSJ9",
          "dependencies": [
            "google_compute_network.network"
          ]
        }
      ]
    },
    {
      "mode": "managed",
      "type": "google_compute_firewall",
      "name": "https",
      "provider": "provider[\"registry.terraform.io/hashicorp/google\"]",
      "instances": [
        {
          "schema_version": 1,
          "attributes": {
            "allow": [
              {
                "ports": [
                  "443"
                ],
                "protocol": "tcp"
              }
            ],
            "creation_timestamp": "2022-04-16T14:28:06.322-07:00",
            "deny": [],
            "description": "",
            "destination_ranges": [],
            "direction": "INGRESS",
            "disabled": false,
            "enable_logging": null,
            "id": "projects/learning-devops-341309/global/firewalls/tf-firewall-https",
            "log_config": [],
            "name": "tf-firewall-https",
            "network": "https://www.googleapis.com/compute/v1/projects/learning-devops-341309/global/networks/tf",
            "priority": 1000,
            "project": "learning-devops-341309",
            "self_link": "https://www.googleapis.com/compute/v1/projects/learning-devops-341309/global/firewalls/tf-firewall-https",
            "source_ranges": [
              "0.0.0.0/0"
            ],
            "source_service_accounts": null,
            "source_tags": null,
            "target_service_accounts": null,
            "target_tags": [
              "tf-firewall-https"
            ],
            "timeouts": null
          },
          "sensitive_attributes": [],
          "private": "eyJlMmJmYjczMC1lY2FhLTExZTYtOGY4OC0zNDM2M2JjN2M0YzAiOnsiY3JlYXRlIjoxMjAwMDAwMDAwMDAwLCJkZWxldGUiOjEyMDAwMDAwMDAwMDAsInVwZGF0ZSI6MTIwMDAwMDAwMDAwMH0sInNjaGVtYV92ZXJzaW9uIjoiMSJ9",
          "dependencies": [
            "google_compute_network.network"
          ]
        }
      ]
    },
    {
      "mode": "managed",
      "type": "google_compute_firewall",
      "name": "icmp",
      "provider": "provider[\"registry.terraform.io/hashicorp/google\"]",
      "instances": [
        {
          "schema_version": 1,
          "attributes": {
            "allow": [
              {
                "ports": [],
                "protocol": "icmp"
              }
            ],
            "creation_timestamp": "2022-04-16T14:28:06.312-07:00",
            "deny": [],
            "description": "",
            "destination_ranges": [],
            "direction": "INGRESS",
            "disabled": false,
            "enable_logging": null,
            "id": "projects/learning-devops-341309/global/firewalls/tf-firewall-icmp",
            "log_config": [],
            "name": "tf-firewall-icmp",
            "network": "https://www.googleapis.com/compute/v1/projects/learning-devops-341309/global/networks/tf",
            "priority": 1000,
            "project": "learning-devops-341309",
            "self_link": "https://www.googleapis.com/compute/v1/projects/learning-devops-341309/global/firewalls/tf-firewall-icmp",
            "source_ranges": [
              "0.0.0.0/0"
            ],
            "source_service_accounts": null,
            "source_tags": null,
            "target_service_accounts": null,
            "target_tags": [
              "tf-firewall-icmp"
            ],
            "timeouts": null
          },
          "sensitive_attributes": [],
          "private": "eyJlMmJmYjczMC1lY2FhLTExZTYtOGY4OC0zNDM2M2JjN2M0YzAiOnsiY3JlYXRlIjoxMjAwMDAwMDAwMDAwLCJkZWxldGUiOjEyMDAwMDAwMDAwMDAsInVwZGF0ZSI6MTIwMDAwMDAwMDAwMH0sInNjaGVtYV92ZXJzaW9uIjoiMSJ9",
          "dependencies": [
            "google_compute_network.network"
          ]
        }
      ]
    },
    {
      "mode": "managed",
      "type": "google_compute_firewall",
      "name": "internal",
      "provider": "provider[\"registry.terraform.io/hashicorp/google\"]",
      "instances": [
        {
          "schema_version": 1,
          "attributes": {
            "allow": [
              {
                "ports": [],
                "protocol": "icmp"
              },
              {
                "ports": [],
                "protocol": "tcp"
              },
              {
                "ports": [],
                "protocol": "udp"
              }
            ],
            "creation_timestamp": "2022-04-16T14:28:06.533-07:00",
            "deny": [],
            "description": "",
            "destination_ranges": [],
            "direction": "INGRESS",
            "disabled": false,
            "enable_logging": null,
            "id": "projects/learning-devops-341309/global/firewalls/tf-firewall-internal",
            "log_config": [],
            "name": "tf-firewall-internal",
            "network": "https://www.googleapis.com/compute/v1/projects/learning-devops-341309/global/networks/tf",
            "priority": 1000,
            "project": "learning-devops-341309",
            "self_link": "https://www.googleapis.com/compute/v1/projects/learning-devops-341309/global/firewalls/tf-firewall-internal",
            "source_ranges": [
              "10.20.0.0/16"
            ],
            "source_service_accounts": null,
            "source_tags": null,
            "target_service_accounts": null,
            "target_tags": [
              "tf-firewall-internal"
            ],
            "timeouts": null
          },
          "sensitive_attributes": [],
          "private": "eyJlMmJmYjczMC1lY2FhLTExZTYtOGY4OC0zNDM2M2JjN2M0YzAiOnsiY3JlYXRlIjoxMjAwMDAwMDAwMDAwLCJkZWxldGUiOjEyMDAwMDAwMDAwMDAsInVwZGF0ZSI6MTIwMDAwMDAwMDAwMH0sInNjaGVtYV92ZXJzaW9uIjoiMSJ9",
          "dependencies": [
            "google_compute_network.network"
          ]
        }
      ]
    },
    {
      "mode": "managed",
      "type": "google_compute_firewall",
      "name": "k8s",
      "provider": "provider[\"registry.terraform.io/hashicorp/google\"]",
      "instances": [
        {
          "schema_version": 1,
          "attributes": {
            "allow": [
              {
                "ports": [
                  "80-32000"
                ],
                "protocol": "tcp"
              }
            ],
            "creation_timestamp": "2022-04-16T14:28:06.304-07:00",
            "deny": [],
            "description": "",
            "destination_ranges": [],
            "direction": "INGRESS",
            "disabled": false,
            "enable_logging": null,
            "id": "projects/learning-devops-341309/global/firewalls/tf-firewall-k8s",
            "log_config": [],
            "name": "tf-firewall-k8s",
            "network": "https://www.googleapis.com/compute/v1/projects/learning-devops-341309/global/networks/tf",
            "priority": 1000,
            "project": "learning-devops-341309",
            "self_link": "https://www.googleapis.com/compute/v1/projects/learning-devops-341309/global/firewalls/tf-firewall-k8s",
            "source_ranges": [
              "0.0.0.0/0"
            ],
            "source_service_accounts": null,
            "source_tags": null,
            "target_service_accounts": null,
            "target_tags": [
              "tf-firewall-k8s"
            ],
            "timeouts": null
          },
          "sensitive_attributes": [],
          "private": "eyJlMmJmYjczMC1lY2FhLTExZTYtOGY4OC0zNDM2M2JjN2M0YzAiOnsiY3JlYXRlIjoxMjAwMDAwMDAwMDAwLCJkZWxldGUiOjEyMDAwMDAwMDAwMDAsInVwZGF0ZSI6MTIwMDAwMDAwMDAwMH0sInNjaGVtYV92ZXJzaW9uIjoiMSJ9",
          "dependencies": [
            "google_compute_network.network"
          ]
        }
      ]
    },
    {
      "mode": "managed",
      "type": "google_compute_firewall",
      "name": "ssh",
      "provider": "provider[\"registry.terraform.io/hashicorp/google\"]",
      "instances": [
        {
          "schema_version": 1,
          "attributes": {
            "allow": [
              {
                "ports": [
                  "22"
                ],
                "protocol": "tcp"
              }
            ],
            "creation_timestamp": "2022-04-16T14:28:06.407-07:00",
            "deny": [],
            "description": "",
            "destination_ranges": [],
            "direction": "INGRESS",
            "disabled": false,
            "enable_logging": null,
            "id": "projects/learning-devops-341309/global/firewalls/tf-firewall-ssh",
            "log_config": [],
            "name": "tf-firewall-ssh",
            "network": "https://www.googleapis.com/compute/v1/projects/learning-devops-341309/global/networks/tf",
            "priority": 1000,
            "project": "learning-devops-341309",
            "self_link": "https://www.googleapis.com/compute/v1/projects/learning-devops-341309/global/firewalls/tf-firewall-ssh",
            "source_ranges": [
              "0.0.0.0/0"
            ],
            "source_service_accounts": null,
            "source_tags": null,
            "target_service_accounts": null,
            "target_tags": [
              "tf-firewall-ssh"
            ],
            "timeouts": null
          },
          "sensitive_attributes": [],
          "private": "eyJlMmJmYjczMC1lY2FhLTExZTYtOGY4OC0zNDM2M2JjN2M0YzAiOnsiY3JlYXRlIjoxMjAwMDAwMDAwMDAwLCJkZWxldGUiOjEyMDAwMDAwMDAwMDAsInVwZGF0ZSI6MTIwMDAwMDAwMDAwMH0sInNjaGVtYV92ZXJzaW9uIjoiMSJ9",
          "dependencies": [
            "google_compute_network.network"
          ]
        }
      ]
    },
    {
      "mode": "managed",
      "type": "google_compute_instance",
      "name": "lb-instance",
      "provider": "provider[\"registry.terraform.io/hashicorp/google\"]",
      "instances": [
        {
          "schema_version": 6,
          "attributes": {
            "advanced_machine_features": [],
            "allow_stopping_for_update": null,
            "attached_disk": [],
            "boot_disk": [
              {
                "auto_delete": true,
                "device_name": "persistent-disk-0",
                "disk_encryption_key_raw": "",
                "disk_encryption_key_sha256": "",
                "initialize_params": [
                  {
                    "image": "https://www.googleapis.com/compute/v1/projects/ubuntu-os-cloud/global/images/ubuntu-2004-focal-v20220404",
                    "labels": {},
                    "size": 30,
                    "type": "pd-standard"
                  }
                ],
                "kms_key_self_link": "",
                "mode": "READ_WRITE",
                "source": "https://www.googleapis.com/compute/v1/projects/learning-devops-341309/zones/us-central1-a/disks/lb"
              }
            ],
            "can_ip_forward": true,
            "confidential_instance_config": [],
            "cpu_platform": "Intel Broadwell",
            "current_status": "RUNNING",
            "deletion_protection": false,
            "description": "",
            "desired_status": null,
            "enable_display": false,
            "guest_accelerator": [],
            "hostname": "",
            "id": "projects/learning-devops-341309/zones/us-central1-a/instances/lb",
            "instance_id": "1777559221772388881",
            "label_fingerprint": "42WmSpB8rSM=",
            "labels": null,
            "machine_type": "e2-standard-2",
            "metadata": {
              "ssh-keys": "root:ssh-rsa AAAAB3NzaC1yc2EAAAADAQABAAABgQClc4uUrhPWI4TWddd1snhknApu4wRjrg2gVY55x4dIWoBguWQxUtgPyTAYJG6uoftkx1dhB9SE0w8TENKREFx685UkoZmwhyGM9X7fkb9Bv51Li+/pVRPzV6LHGF3Iq+OZdqG8JwXE7ftAhNghktJ9Jh3ZheMpNsMHdZzkTY3Vw7VIk7lyiD3SzoTZeD+cocFavi9dUwVuEQkrNHgoRO5ajNsiErldoOo/QGbz63gmGd8ikXXQctDBZVrAPWuqfJT4WL/DSs1+FBP2iIITqw4v0gQnAiYmJcZDk3Y6ZxNL/e1rMsN17le4I3fTG++pknOHDe5hOBK+xRVaZ9dgjw9GdYrmzJ8Suw5eVXZ0Gvv2Vo+UlmV1xoNPT0Nqqygd7Uzd1Z1KE71MtvWFeY7LdeJFYMuDRk+bzreXloEClNaTddYLThmmEjwHAt6k2G768l59xEXHl75jINyRiiKMwwYxFpYQz9Jrb+uzEiYWconMhYCP9/e29YsjuQg9Z6Rommk= phuocpro1969@gmail.com\r\n",
              "startup-script": "\n#!/bin/bash\n\n# disable firewall\nsudo ufw disable\n\n# disable swap\nsudo swapoff -a\nsudo sed -i '/swap/d' /etc/fstab\n\n# add password to root\nsudo echo \"ubuntu:root\" | sudo chpasswd\nsudo sed -i \"s/^PermitRootLogin no/PermitRootLogin yes/\" /etc/ssh/sshd_config\n# sudo sed -i \"s/^PasswordAuthentication no/PasswordAuthentication yes/\" /etc/ssh/sshd_config\nsudo service sshd restart\n\nsudo tee -a /etc/environment \u003c\u003c-EOF\nMASTER_COUNT=2\nWORKER_COUNT=1\nEOF\n\n. /etc/environment\n\nsudo echo \"root:root\" | sudo chpasswd\n\n#!/bin/bash\n\n# add hosts lb\nsudo tee -a /etc/hosts \u003c\u003c-EOF\n10.20.0.10 loadbalancer.google.internal lb\nEOF\n\n# add hosts master\nfor ((i=1; i\u003c=$MASTER_COUNT; i++))\ndo\nsudo tee -a /etc/hosts \u003c\u003c-EOF\n10.20.0.1${i} master${i}.google.internal master${i}\nEOF\ndone\n\n# add hosts worker\nfor ((i=1; i\u003c=$WORKER_COUNT; i++))\ndo\nsudo tee -a /etc/hosts \u003c\u003c-EOF\n10.20.0.2${i} worker${i}.google.internal worker${i}\nEOF\ndone\n\n\n#!/bin/bash\n\n# install haproxy\nsudo apt update -y\nsudo apt install -y haproxy\n\nsudo tee -a /etc/haproxy/haproxy.cfg \u003c\u003c-EOF\nfrontend kubernetes-frontend\n    bind 10.20.0.10:6443\n    mode tcp\n    option tcplog\n    default_backend kubernetes-backend\n\nbackend kubernetes-backend\n    mode tcp\n    option tcp-check\n    balance roundrobin\nEOF\n\nfor ((i=1; i\u003c=$MASTER_COUNT; i++))\ndo\nsudo tee -a /etc/haproxy/haproxy.cfg \u003c\u003c-EOF\n    server master$i 10.20.0.1$i:6443 check fall 3 rise 2\nEOF\ndone\n\nsudo service haproxy restart\n\n\n#!/bin/bash\n\n# install docker\nsudo apt install -y apt-transport-https ca-certificates curl gnupg-agent software-properties-common\nsudo curl -fsSL https://download.docker.com/linux/ubuntu/gpg | sudo apt-key add -\nsudo add-apt-repository \"deb [arch=amd64] https://download.docker.com/linux/ubuntu $(lsb_release -cs) stable\"\nsudo apt update -y \u0026\u0026 sudo apt install -y docker-ce\n\nsudo mkdir /etc/docker\nsudo tee -a /etc/docker/daemon.json \u003c\u003c-EOF\n{\n\t\"exec-opts\": [\"native.cgroupdriver=systemd\"],\n\t\"log-driver\": \"json-file\",\n\t\"log-opts\": {\n\t\t\"max-size\": \"100m\"\n\t},\n\t\"storage-driver\": \"overlay2\"\n}\nEOF\n\nsudo service docker enable\nsudo service docker restart\nsudo chmod +x /var/run/docker.sock\n\n#!/bin/bash\n\n# install kubernetes\nsudo curl -s https://packages.cloud.google.com/apt/doc/apt-key.gpg | sudo apt-key add -\nsudo apt-add-repository \"deb http://apt.kubernetes.io/ kubernetes-xenial main\"\nsudo apt update -y \u0026\u0026 sudo apt install -y kubeadm=1.22.8-00 kubelet=1.22.8-00 kubectl=1.22.8-00\n\n# update settings for kubernetes network\nsudo tee -a /etc/sysctl.d/kubernetes.conf \u003c\u003c-EOF\nnet.bridge.bridge-nf-call-ip6tables = 1\nnet.bridge.bridge-nf-call-iptables = 1\nEOF\n\n# permissions kube\nsudo chmod +x $(which kubeadm)\nsudo chmod +x $(which kubectl)\nsudo chmod +x $(which kubelet)\n"
            },
            "metadata_fingerprint": "7B2KCF_64u0=",
            "metadata_startup_script": null,
            "min_cpu_platform": "",
            "name": "lb",
            "network_interface": [
              {
                "access_config": [
                  {
                    "nat_ip": "35.238.191.193",
                    "network_tier": "PREMIUM",
                    "public_ptr_domain_name": ""
                  }
                ],
                "alias_ip_range": [],
                "ipv6_access_config": [],
                "ipv6_access_type": "",
                "name": "nic0",
                "network": "https://www.googleapis.com/compute/v1/projects/learning-devops-341309/global/networks/tf",
                "network_ip": "10.20.0.10",
                "nic_type": "",
                "queue_count": 0,
                "stack_type": "IPV4_ONLY",
                "subnetwork": "https://www.googleapis.com/compute/v1/projects/learning-devops-341309/regions/us-central1/subnetworks/tf-subnetwork-us-central1",
                "subnetwork_project": "learning-devops-341309"
              }
            ],
            "project": "learning-devops-341309",
            "reservation_affinity": [],
            "resource_policies": null,
            "scheduling": [
              {
                "automatic_restart": true,
                "min_node_cpus": 0,
                "node_affinities": [],
                "on_host_maintenance": "MIGRATE",
                "preemptible": false
              }
            ],
            "scratch_disk": [],
            "self_link": "https://www.googleapis.com/compute/v1/projects/learning-devops-341309/zones/us-central1-a/instances/lb",
            "service_account": [],
            "shielded_instance_config": [
              {
                "enable_integrity_monitoring": true,
                "enable_secure_boot": false,
                "enable_vtpm": true
              }
            ],
            "tags": [
              "tf-firewall-http",
              "tf-firewall-https",
              "tf-firewall-icmp",
              "tf-firewall-internal",
              "tf-firewall-k8s",
              "tf-firewall-ssh"
            ],
            "tags_fingerprint": "_PfbmNECwDc=",
            "timeouts": null,
            "zone": "us-central1-a"
          },
          "sensitive_attributes": [],
          "private": "eyJlMmJmYjczMC1lY2FhLTExZTYtOGY4OC0zNDM2M2JjN2M0YzAiOnsiY3JlYXRlIjoxMjAwMDAwMDAwMDAwLCJkZWxldGUiOjEyMDAwMDAwMDAwMDAsInVwZGF0ZSI6MTIwMDAwMDAwMDAwMH0sInNjaGVtYV92ZXJzaW9uIjoiNiJ9",
          "dependencies": [
            "google_compute_address.lb",
            "google_compute_network.network",
            "google_compute_subnetwork.network_subnetwork"
          ]
        }
      ]
    },
    {
      "mode": "managed",
      "type": "google_compute_instance",
      "name": "master-instance",
      "provider": "provider[\"registry.terraform.io/hashicorp/google\"]",
      "instances": [
        {
          "index_key": 0,
          "schema_version": 6,
          "attributes": {
            "advanced_machine_features": [],
            "allow_stopping_for_update": null,
            "attached_disk": [],
            "boot_disk": [
              {
                "auto_delete": true,
                "device_name": "persistent-disk-0",
                "disk_encryption_key_raw": "",
                "disk_encryption_key_sha256": "",
                "initialize_params": [
                  {
                    "image": "https://www.googleapis.com/compute/v1/projects/ubuntu-os-cloud/global/images/ubuntu-2004-focal-v20220404",
                    "labels": {},
                    "size": 30,
                    "type": "pd-standard"
                  }
                ],
                "kms_key_self_link": "",
                "mode": "READ_WRITE",
                "source": "https://www.googleapis.com/compute/v1/projects/learning-devops-341309/zones/us-central1-a/disks/master1"
              }
            ],
            "can_ip_forward": true,
            "confidential_instance_config": [],
            "cpu_platform": "Intel Broadwell",
            "current_status": "RUNNING",
            "deletion_protection": false,
            "description": "",
            "desired_status": null,
            "enable_display": false,
            "guest_accelerator": [],
            "hostname": "",
            "id": "projects/learning-devops-341309/zones/us-central1-a/instances/master1",
            "instance_id": "7343494945106725871",
            "label_fingerprint": "42WmSpB8rSM=",
            "labels": null,
            "machine_type": "e2-standard-2",
            "metadata": {
              "ssh-keys": "root:ssh-rsa AAAAB3NzaC1yc2EAAAADAQABAAABgQClc4uUrhPWI4TWddd1snhknApu4wRjrg2gVY55x4dIWoBguWQxUtgPyTAYJG6uoftkx1dhB9SE0w8TENKREFx685UkoZmwhyGM9X7fkb9Bv51Li+/pVRPzV6LHGF3Iq+OZdqG8JwXE7ftAhNghktJ9Jh3ZheMpNsMHdZzkTY3Vw7VIk7lyiD3SzoTZeD+cocFavi9dUwVuEQkrNHgoRO5ajNsiErldoOo/QGbz63gmGd8ikXXQctDBZVrAPWuqfJT4WL/DSs1+FBP2iIITqw4v0gQnAiYmJcZDk3Y6ZxNL/e1rMsN17le4I3fTG++pknOHDe5hOBK+xRVaZ9dgjw9GdYrmzJ8Suw5eVXZ0Gvv2Vo+UlmV1xoNPT0Nqqygd7Uzd1Z1KE71MtvWFeY7LdeJFYMuDRk+bzreXloEClNaTddYLThmmEjwHAt6k2G768l59xEXHl75jINyRiiKMwwYxFpYQz9Jrb+uzEiYWconMhYCP9/e29YsjuQg9Z6Rommk= phuocpro1969@gmail.com\r\n",
              "startup-script": "#!/bin/bash\n\n# disable firewall\nsudo ufw disable\n\n# disable swap\nsudo swapoff -a\nsudo sed -i '/swap/d' /etc/fstab\n\n# add password to root\nsudo echo \"ubuntu:root\" | sudo chpasswd\nsudo sed -i \"s/^PermitRootLogin no/PermitRootLogin yes/\" /etc/ssh/sshd_config\n# sudo sed -i \"s/^PasswordAuthentication no/PasswordAuthentication yes/\" /etc/ssh/sshd_config\nsudo service sshd restart\nsudo tee -a /etc/environment \u003c\u003c-EOF\nMASTER_COUNT=\"2\"\nWORKER_COUNT=\"1\"\nEOF\n. /etc/environment\n\nsudo echo \"root:root\" | sudo chpasswd\n\n#!/bin/bash\n\n# add hosts lb\nsudo tee -a /etc/hosts \u003c\u003c-EOF\n10.20.0.10 loadbalancer.google.internal lb\nEOF\n\n# add hosts master\nfor ((i=1; i\u003c=$MASTER_COUNT; i++))\ndo\nsudo tee -a /etc/hosts \u003c\u003c-EOF\n10.20.0.1${i} master${i}.google.internal master${i}\nEOF\ndone\n\n# add hosts worker\nfor ((i=1; i\u003c=$WORKER_COUNT; i++))\ndo\nsudo tee -a /etc/hosts \u003c\u003c-EOF\n10.20.0.2${i} worker${i}.google.internal worker${i}\nEOF\ndone\n\n\n#!/bin/bash\n\n# install docker\nsudo apt install -y apt-transport-https ca-certificates curl gnupg-agent software-properties-common\nsudo curl -fsSL https://download.docker.com/linux/ubuntu/gpg | sudo apt-key add -\nsudo add-apt-repository \"deb [arch=amd64] https://download.docker.com/linux/ubuntu $(lsb_release -cs) stable\"\nsudo apt update -y \u0026\u0026 sudo apt install -y docker-ce\n\nsudo mkdir /etc/docker\nsudo tee -a /etc/docker/daemon.json \u003c\u003c-EOF\n{\n\t\"exec-opts\": [\"native.cgroupdriver=systemd\"],\n\t\"log-driver\": \"json-file\",\n\t\"log-opts\": {\n\t\t\"max-size\": \"100m\"\n\t},\n\t\"storage-driver\": \"overlay2\"\n}\nEOF\n\nsudo service docker enable\nsudo service docker restart\nsudo chmod +x /var/run/docker.sock\n\n#!/bin/bash\n\n# install kubernetes\nsudo curl -s https://packages.cloud.google.com/apt/doc/apt-key.gpg | sudo apt-key add -\nsudo apt-add-repository \"deb http://apt.kubernetes.io/ kubernetes-xenial main\"\nsudo apt update -y \u0026\u0026 sudo apt install -y kubeadm=1.22.8-00 kubelet=1.22.8-00 kubectl=1.22.8-00\n\n# update settings for kubernetes network\nsudo tee -a /etc/sysctl.d/kubernetes.conf \u003c\u003c-EOF\nnet.bridge.bridge-nf-call-ip6tables = 1\nnet.bridge.bridge-nf-call-iptables = 1\nEOF\n\n# permissions kube\nsudo chmod +x $(which kubeadm)\nsudo chmod +x $(which kubectl)\nsudo chmod +x $(which kubelet)\n"
            },
            "metadata_fingerprint": "aRMh3bbR3ZM=",
            "metadata_startup_script": null,
            "min_cpu_platform": "",
            "name": "master1",
            "network_interface": [
              {
                "access_config": [
                  {
                    "nat_ip": "35.238.174.165",
                    "network_tier": "PREMIUM",
                    "public_ptr_domain_name": ""
                  }
                ],
                "alias_ip_range": [],
                "ipv6_access_config": [],
                "ipv6_access_type": "",
                "name": "nic0",
                "network": "https://www.googleapis.com/compute/v1/projects/learning-devops-341309/global/networks/tf",
                "network_ip": "10.20.0.11",
                "nic_type": "",
                "queue_count": 0,
                "stack_type": "IPV4_ONLY",
                "subnetwork": "https://www.googleapis.com/compute/v1/projects/learning-devops-341309/regions/us-central1/subnetworks/tf-subnetwork-us-central1",
                "subnetwork_project": "learning-devops-341309"
              }
            ],
            "project": "learning-devops-341309",
            "reservation_affinity": [],
            "resource_policies": null,
            "scheduling": [
              {
                "automatic_restart": true,
                "min_node_cpus": 0,
                "node_affinities": [],
                "on_host_maintenance": "MIGRATE",
                "preemptible": false
              }
            ],
            "scratch_disk": [],
            "self_link": "https://www.googleapis.com/compute/v1/projects/learning-devops-341309/zones/us-central1-a/instances/master1",
            "service_account": [
              {
                "email": "terraform@learning-devops-341309.iam.gserviceaccount.com",
                "scopes": [
                  "https://www.googleapis.com/auth/cloud-platform"
                ]
              }
            ],
            "shielded_instance_config": [
              {
                "enable_integrity_monitoring": true,
                "enable_secure_boot": false,
                "enable_vtpm": true
              }
            ],
            "tags": [
              "tf-firewall-http",
              "tf-firewall-https",
              "tf-firewall-icmp",
              "tf-firewall-internal",
              "tf-firewall-k8s",
              "tf-firewall-ssh"
            ],
            "tags_fingerprint": "_PfbmNECwDc=",
            "timeouts": null,
            "zone": "us-central1-a"
          },
          "sensitive_attributes": [],
          "private": "eyJlMmJmYjczMC1lY2FhLTExZTYtOGY4OC0zNDM2M2JjN2M0YzAiOnsiY3JlYXRlIjoxMjAwMDAwMDAwMDAwLCJkZWxldGUiOjEyMDAwMDAwMDAwMDAsInVwZGF0ZSI6MTIwMDAwMDAwMDAwMH0sInNjaGVtYV92ZXJzaW9uIjoiNiJ9",
          "dependencies": [
            "google_compute_address.master",
            "google_compute_network.network",
            "google_compute_subnetwork.network_subnetwork"
          ]
        },
        {
          "index_key": 1,
          "schema_version": 6,
          "attributes": {
            "advanced_machine_features": [],
            "allow_stopping_for_update": null,
            "attached_disk": [],
            "boot_disk": [
              {
                "auto_delete": true,
                "device_name": "persistent-disk-0",
                "disk_encryption_key_raw": "",
                "disk_encryption_key_sha256": "",
                "initialize_params": [
                  {
                    "image": "https://www.googleapis.com/compute/v1/projects/ubuntu-os-cloud/global/images/ubuntu-2004-focal-v20220404",
                    "labels": {},
                    "size": 30,
                    "type": "pd-standard"
                  }
                ],
                "kms_key_self_link": "",
                "mode": "READ_WRITE",
                "source": "https://www.googleapis.com/compute/v1/projects/learning-devops-341309/zones/us-central1-a/disks/master2"
              }
            ],
            "can_ip_forward": true,
            "confidential_instance_config": [],
            "cpu_platform": "Intel Broadwell",
            "current_status": "RUNNING",
            "deletion_protection": false,
            "description": "",
            "desired_status": null,
            "enable_display": false,
            "guest_accelerator": [],
            "hostname": "",
            "id": "projects/learning-devops-341309/zones/us-central1-a/instances/master2",
            "instance_id": "6995403453677079056",
            "label_fingerprint": "42WmSpB8rSM=",
            "labels": null,
            "machine_type": "e2-standard-2",
            "metadata": {
              "ssh-keys": "root:ssh-rsa AAAAB3NzaC1yc2EAAAADAQABAAABgQClc4uUrhPWI4TWddd1snhknApu4wRjrg2gVY55x4dIWoBguWQxUtgPyTAYJG6uoftkx1dhB9SE0w8TENKREFx685UkoZmwhyGM9X7fkb9Bv51Li+/pVRPzV6LHGF3Iq+OZdqG8JwXE7ftAhNghktJ9Jh3ZheMpNsMHdZzkTY3Vw7VIk7lyiD3SzoTZeD+cocFavi9dUwVuEQkrNHgoRO5ajNsiErldoOo/QGbz63gmGd8ikXXQctDBZVrAPWuqfJT4WL/DSs1+FBP2iIITqw4v0gQnAiYmJcZDk3Y6ZxNL/e1rMsN17le4I3fTG++pknOHDe5hOBK+xRVaZ9dgjw9GdYrmzJ8Suw5eVXZ0Gvv2Vo+UlmV1xoNPT0Nqqygd7Uzd1Z1KE71MtvWFeY7LdeJFYMuDRk+bzreXloEClNaTddYLThmmEjwHAt6k2G768l59xEXHl75jINyRiiKMwwYxFpYQz9Jrb+uzEiYWconMhYCP9/e29YsjuQg9Z6Rommk= phuocpro1969@gmail.com\r\n",
              "startup-script": "#!/bin/bash\n\n# disable firewall\nsudo ufw disable\n\n# disable swap\nsudo swapoff -a\nsudo sed -i '/swap/d' /etc/fstab\n\n# add password to root\nsudo echo \"ubuntu:root\" | sudo chpasswd\nsudo sed -i \"s/^PermitRootLogin no/PermitRootLogin yes/\" /etc/ssh/sshd_config\n# sudo sed -i \"s/^PasswordAuthentication no/PasswordAuthentication yes/\" /etc/ssh/sshd_config\nsudo service sshd restart\nsudo tee -a /etc/environment \u003c\u003c-EOF\nMASTER_COUNT=\"2\"\nWORKER_COUNT=\"1\"\nEOF\n. /etc/environment\n\nsudo echo \"root:root\" | sudo chpasswd\n\n#!/bin/bash\n\n# add hosts lb\nsudo tee -a /etc/hosts \u003c\u003c-EOF\n10.20.0.10 loadbalancer.google.internal lb\nEOF\n\n# add hosts master\nfor ((i=1; i\u003c=$MASTER_COUNT; i++))\ndo\nsudo tee -a /etc/hosts \u003c\u003c-EOF\n10.20.0.1${i} master${i}.google.internal master${i}\nEOF\ndone\n\n# add hosts worker\nfor ((i=1; i\u003c=$WORKER_COUNT; i++))\ndo\nsudo tee -a /etc/hosts \u003c\u003c-EOF\n10.20.0.2${i} worker${i}.google.internal worker${i}\nEOF\ndone\n\n\n#!/bin/bash\n\n# install docker\nsudo apt install -y apt-transport-https ca-certificates curl gnupg-agent software-properties-common\nsudo curl -fsSL https://download.docker.com/linux/ubuntu/gpg | sudo apt-key add -\nsudo add-apt-repository \"deb [arch=amd64] https://download.docker.com/linux/ubuntu $(lsb_release -cs) stable\"\nsudo apt update -y \u0026\u0026 sudo apt install -y docker-ce\n\nsudo mkdir /etc/docker\nsudo tee -a /etc/docker/daemon.json \u003c\u003c-EOF\n{\n\t\"exec-opts\": [\"native.cgroupdriver=systemd\"],\n\t\"log-driver\": \"json-file\",\n\t\"log-opts\": {\n\t\t\"max-size\": \"100m\"\n\t},\n\t\"storage-driver\": \"overlay2\"\n}\nEOF\n\nsudo service docker enable\nsudo service docker restart\nsudo chmod +x /var/run/docker.sock\n\n#!/bin/bash\n\n# install kubernetes\nsudo curl -s https://packages.cloud.google.com/apt/doc/apt-key.gpg | sudo apt-key add -\nsudo apt-add-repository \"deb http://apt.kubernetes.io/ kubernetes-xenial main\"\nsudo apt update -y \u0026\u0026 sudo apt install -y kubeadm=1.22.8-00 kubelet=1.22.8-00 kubectl=1.22.8-00\n\n# update settings for kubernetes network\nsudo tee -a /etc/sysctl.d/kubernetes.conf \u003c\u003c-EOF\nnet.bridge.bridge-nf-call-ip6tables = 1\nnet.bridge.bridge-nf-call-iptables = 1\nEOF\n\n# permissions kube\nsudo chmod +x $(which kubeadm)\nsudo chmod +x $(which kubectl)\nsudo chmod +x $(which kubelet)\n"
            },
            "metadata_fingerprint": "aRMh3bbR3ZM=",
            "metadata_startup_script": null,
            "min_cpu_platform": "",
            "name": "master2",
            "network_interface": [
              {
                "access_config": [
                  {
                    "nat_ip": "35.238.59.249",
                    "network_tier": "PREMIUM",
                    "public_ptr_domain_name": ""
                  }
                ],
                "alias_ip_range": [],
                "ipv6_access_config": [],
                "ipv6_access_type": "",
                "name": "nic0",
                "network": "https://www.googleapis.com/compute/v1/projects/learning-devops-341309/global/networks/tf",
                "network_ip": "10.20.0.12",
                "nic_type": "",
                "queue_count": 0,
                "stack_type": "IPV4_ONLY",
                "subnetwork": "https://www.googleapis.com/compute/v1/projects/learning-devops-341309/regions/us-central1/subnetworks/tf-subnetwork-us-central1",
                "subnetwork_project": "learning-devops-341309"
              }
            ],
            "project": "learning-devops-341309",
            "reservation_affinity": [],
            "resource_policies": null,
            "scheduling": [
              {
                "automatic_restart": true,
                "min_node_cpus": 0,
                "node_affinities": [],
                "on_host_maintenance": "MIGRATE",
                "preemptible": false
              }
            ],
            "scratch_disk": [],
            "self_link": "https://www.googleapis.com/compute/v1/projects/learning-devops-341309/zones/us-central1-a/instances/master2",
            "service_account": [
              {
                "email": "terraform@learning-devops-341309.iam.gserviceaccount.com",
                "scopes": [
                  "https://www.googleapis.com/auth/cloud-platform"
                ]
              }
            ],
            "shielded_instance_config": [
              {
                "enable_integrity_monitoring": true,
                "enable_secure_boot": false,
                "enable_vtpm": true
              }
            ],
            "tags": [
              "tf-firewall-http",
              "tf-firewall-https",
              "tf-firewall-icmp",
              "tf-firewall-internal",
              "tf-firewall-k8s",
              "tf-firewall-ssh"
            ],
            "tags_fingerprint": "_PfbmNECwDc=",
            "timeouts": null,
            "zone": "us-central1-a"
          },
          "sensitive_attributes": [],
          "private": "eyJlMmJmYjczMC1lY2FhLTExZTYtOGY4OC0zNDM2M2JjN2M0YzAiOnsiY3JlYXRlIjoxMjAwMDAwMDAwMDAwLCJkZWxldGUiOjEyMDAwMDAwMDAwMDAsInVwZGF0ZSI6MTIwMDAwMDAwMDAwMH0sInNjaGVtYV92ZXJzaW9uIjoiNiJ9",
          "dependencies": [
            "google_compute_address.master",
            "google_compute_network.network",
            "google_compute_subnetwork.network_subnetwork"
          ]
        }
      ]
    },
    {
      "mode": "managed",
      "type": "google_compute_instance",
      "name": "worker-instance",
      "provider": "provider[\"registry.terraform.io/hashicorp/google\"]",
      "instances": [
        {
          "index_key": 0,
          "schema_version": 6,
          "attributes": {
            "advanced_machine_features": [],
            "allow_stopping_for_update": null,
            "attached_disk": [],
            "boot_disk": [
              {
                "auto_delete": true,
                "device_name": "persistent-disk-0",
                "disk_encryption_key_raw": "",
                "disk_encryption_key_sha256": "",
                "initialize_params": [
                  {
                    "image": "https://www.googleapis.com/compute/v1/projects/ubuntu-os-cloud/global/images/ubuntu-2004-focal-v20220404",
                    "labels": {},
                    "size": 30,
                    "type": "pd-standard"
                  }
                ],
                "kms_key_self_link": "",
                "mode": "READ_WRITE",
                "source": "https://www.googleapis.com/compute/v1/projects/learning-devops-341309/zones/us-central1-a/disks/worker1"
              }
            ],
            "can_ip_forward": true,
            "confidential_instance_config": [],
            "cpu_platform": "Intel Broadwell",
            "current_status": "RUNNING",
            "deletion_protection": false,
            "description": "",
            "desired_status": null,
            "enable_display": false,
            "guest_accelerator": [],
            "hostname": "",
            "id": "projects/learning-devops-341309/zones/us-central1-a/instances/worker1",
            "instance_id": "5090282216030112272",
            "label_fingerprint": "42WmSpB8rSM=",
            "labels": null,
            "machine_type": "e2-standard-2",
            "metadata": {
              "ssh-keys": "root:ssh-rsa AAAAB3NzaC1yc2EAAAADAQABAAABgQClc4uUrhPWI4TWddd1snhknApu4wRjrg2gVY55x4dIWoBguWQxUtgPyTAYJG6uoftkx1dhB9SE0w8TENKREFx685UkoZmwhyGM9X7fkb9Bv51Li+/pVRPzV6LHGF3Iq+OZdqG8JwXE7ftAhNghktJ9Jh3ZheMpNsMHdZzkTY3Vw7VIk7lyiD3SzoTZeD+cocFavi9dUwVuEQkrNHgoRO5ajNsiErldoOo/QGbz63gmGd8ikXXQctDBZVrAPWuqfJT4WL/DSs1+FBP2iIITqw4v0gQnAiYmJcZDk3Y6ZxNL/e1rMsN17le4I3fTG++pknOHDe5hOBK+xRVaZ9dgjw9GdYrmzJ8Suw5eVXZ0Gvv2Vo+UlmV1xoNPT0Nqqygd7Uzd1Z1KE71MtvWFeY7LdeJFYMuDRk+bzreXloEClNaTddYLThmmEjwHAt6k2G768l59xEXHl75jINyRiiKMwwYxFpYQz9Jrb+uzEiYWconMhYCP9/e29YsjuQg9Z6Rommk= phuocpro1969@gmail.com\r\n",
              "startup-script": "#!/bin/bash\n\n# disable firewall\nsudo ufw disable\n\n# disable swap\nsudo swapoff -a\nsudo sed -i '/swap/d' /etc/fstab\n\n# add password to root\nsudo echo \"ubuntu:root\" | sudo chpasswd\nsudo sed -i \"s/^PermitRootLogin no/PermitRootLogin yes/\" /etc/ssh/sshd_config\n# sudo sed -i \"s/^PasswordAuthentication no/PasswordAuthentication yes/\" /etc/ssh/sshd_config\nsudo service sshd restart\nsudo tee -a /etc/environment \u003c\u003c-EOF\nMASTER_COUNT=\"2\"\nWORKER_COUNT=\"1\"\nEOF\n. /etc/environment\n\nsudo echo \"root:root\" | sudo chpasswd\n\n#!/bin/bash\n\n# add hosts lb\nsudo tee -a /etc/hosts \u003c\u003c-EOF\n10.20.0.10 loadbalancer.google.internal lb\nEOF\n\n# add hosts master\nfor ((i=1; i\u003c=$MASTER_COUNT; i++))\ndo\nsudo tee -a /etc/hosts \u003c\u003c-EOF\n10.20.0.1${i} master${i}.google.internal master${i}\nEOF\ndone\n\n# add hosts worker\nfor ((i=1; i\u003c=$WORKER_COUNT; i++))\ndo\nsudo tee -a /etc/hosts \u003c\u003c-EOF\n10.20.0.2${i} worker${i}.google.internal worker${i}\nEOF\ndone\n\n\n#!/bin/bash\n\n# install docker\nsudo apt install -y apt-transport-https ca-certificates curl gnupg-agent software-properties-common\nsudo curl -fsSL https://download.docker.com/linux/ubuntu/gpg | sudo apt-key add -\nsudo add-apt-repository \"deb [arch=amd64] https://download.docker.com/linux/ubuntu $(lsb_release -cs) stable\"\nsudo apt update -y \u0026\u0026 sudo apt install -y docker-ce\n\nsudo mkdir /etc/docker\nsudo tee -a /etc/docker/daemon.json \u003c\u003c-EOF\n{\n\t\"exec-opts\": [\"native.cgroupdriver=systemd\"],\n\t\"log-driver\": \"json-file\",\n\t\"log-opts\": {\n\t\t\"max-size\": \"100m\"\n\t},\n\t\"storage-driver\": \"overlay2\"\n}\nEOF\n\nsudo service docker enable\nsudo service docker restart\nsudo chmod +x /var/run/docker.sock\n\n#!/bin/bash\n\n# install kubernetes\nsudo curl -s https://packages.cloud.google.com/apt/doc/apt-key.gpg | sudo apt-key add -\nsudo apt-add-repository \"deb http://apt.kubernetes.io/ kubernetes-xenial main\"\nsudo apt update -y \u0026\u0026 sudo apt install -y kubeadm=1.22.8-00 kubelet=1.22.8-00 kubectl=1.22.8-00\n\n# update settings for kubernetes network\nsudo tee -a /etc/sysctl.d/kubernetes.conf \u003c\u003c-EOF\nnet.bridge.bridge-nf-call-ip6tables = 1\nnet.bridge.bridge-nf-call-iptables = 1\nEOF\n\n# permissions kube\nsudo chmod +x $(which kubeadm)\nsudo chmod +x $(which kubectl)\nsudo chmod +x $(which kubelet)\n"
            },
            "metadata_fingerprint": "aRMh3bbR3ZM=",
            "metadata_startup_script": null,
            "min_cpu_platform": "",
            "name": "worker1",
            "network_interface": [
              {
                "access_config": [],
                "alias_ip_range": [],
                "ipv6_access_config": [],
                "ipv6_access_type": "",
                "name": "nic0",
                "network": "https://www.googleapis.com/compute/v1/projects/learning-devops-341309/global/networks/tf",
                "network_ip": "10.20.0.21",
                "nic_type": "",
                "queue_count": 0,
                "stack_type": "IPV4_ONLY",
                "subnetwork": "https://www.googleapis.com/compute/v1/projects/learning-devops-341309/regions/us-central1/subnetworks/tf-subnetwork-us-central1",
                "subnetwork_project": "learning-devops-341309"
              }
            ],
            "project": "learning-devops-341309",
            "reservation_affinity": [],
            "resource_policies": null,
            "scheduling": [
              {
                "automatic_restart": true,
                "min_node_cpus": 0,
                "node_affinities": [],
                "on_host_maintenance": "MIGRATE",
                "preemptible": false
              }
            ],
            "scratch_disk": [],
            "self_link": "https://www.googleapis.com/compute/v1/projects/learning-devops-341309/zones/us-central1-a/instances/worker1",
            "service_account": [],
            "shielded_instance_config": [
              {
                "enable_integrity_monitoring": true,
                "enable_secure_boot": false,
                "enable_vtpm": true
              }
            ],
            "tags": [
              "tf-firewall-http",
              "tf-firewall-https",
              "tf-firewall-icmp",
              "tf-firewall-internal",
              "tf-firewall-k8s",
              "tf-firewall-ssh"
            ],
            "tags_fingerprint": "_PfbmNECwDc=",
            "timeouts": null,
            "zone": "us-central1-a"
          },
          "sensitive_attributes": [],
          "private": "eyJlMmJmYjczMC1lY2FhLTExZTYtOGY4OC0zNDM2M2JjN2M0YzAiOnsiY3JlYXRlIjoxMjAwMDAwMDAwMDAwLCJkZWxldGUiOjEyMDAwMDAwMDAwMDAsInVwZGF0ZSI6MTIwMDAwMDAwMDAwMH0sInNjaGVtYV92ZXJzaW9uIjoiNiJ9",
          "dependencies": [
            "google_compute_network.network",
            "google_compute_subnetwork.network_subnetwork"
          ]
        }
      ]
    },
    {
      "mode": "managed",
      "type": "google_compute_network",
      "name": "network",
      "provider": "provider[\"registry.terraform.io/hashicorp/google\"]",
      "instances": [
        {
          "schema_version": 0,
          "attributes": {
            "auto_create_subnetworks": true,
            "delete_default_routes_on_create": false,
            "description": "",
            "gateway_ipv4": "",
            "id": "projects/learning-devops-341309/global/networks/tf",
            "mtu": 0,
            "name": "tf",
            "project": "learning-devops-341309",
            "routing_mode": "REGIONAL",
            "self_link": "https://www.googleapis.com/compute/v1/projects/learning-devops-341309/global/networks/tf",
            "timeouts": null
          },
          "sensitive_attributes": [],
          "private": "eyJlMmJmYjczMC1lY2FhLTExZTYtOGY4OC0zNDM2M2JjN2M0YzAiOnsiY3JlYXRlIjoxMjAwMDAwMDAwMDAwLCJkZWxldGUiOjEyMDAwMDAwMDAwMDAsInVwZGF0ZSI6MTIwMDAwMDAwMDAwMH19"
        }
      ]
    },
    {
      "mode": "managed",
      "type": "google_compute_router",
      "name": "router",
      "provider": "provider[\"registry.terraform.io/hashicorp/google\"]",
      "instances": [
        {
          "schema_version": 0,
          "attributes": {
            "bgp": [
              {
                "advertise_mode": "DEFAULT",
                "advertised_groups": null,
                "advertised_ip_ranges": [],
                "asn": 64514,
                "keepalive_interval": 20
              }
            ],
            "creation_timestamp": "2022-04-16T14:28:29.679-07:00",
            "description": "",
            "encrypted_interconnect_router": false,
            "id": "projects/learning-devops-341309/regions/us-central1/routers/tf-router-us-central1",
            "name": "tf-router-us-central1",
            "network": "https://www.googleapis.com/compute/v1/projects/learning-devops-341309/global/networks/tf",
            "project": "learning-devops-341309",
            "region": "us-central1",
            "self_link": "https://www.googleapis.com/compute/v1/projects/learning-devops-341309/regions/us-central1/routers/tf-router-us-central1",
            "timeouts": null
          },
          "sensitive_attributes": [],
          "private": "eyJlMmJmYjczMC1lY2FhLTExZTYtOGY4OC0zNDM2M2JjN2M0YzAiOnsiY3JlYXRlIjoxMjAwMDAwMDAwMDAwLCJkZWxldGUiOjEyMDAwMDAwMDAwMDAsInVwZGF0ZSI6MTIwMDAwMDAwMDAwMH19",
          "dependencies": [
            "google_compute_network.network",
            "google_compute_subnetwork.network_subnetwork"
          ]
        }
      ]
    },
    {
      "mode": "managed",
      "type": "google_compute_router_nat",
      "name": "nat",
      "provider": "provider[\"registry.terraform.io/hashicorp/google\"]",
      "instances": [
        {
          "schema_version": 0,
          "attributes": {
            "drain_nat_ips": null,
            "enable_endpoint_independent_mapping": true,
            "icmp_idle_timeout_sec": 30,
            "id": "learning-devops-341309/us-central1/tf-router-us-central1/tf-router-nat-us-central1",
            "log_config": [],
            "min_ports_per_vm": 0,
            "name": "tf-router-nat-us-central1",
            "nat_ip_allocate_option": "MANUAL_ONLY",
            "nat_ips": [
              "https://www.googleapis.com/compute/v1/projects/learning-devops-341309/regions/us-central1/addresses/nat-public-address"
            ],
            "project": "learning-devops-341309",
            "region": "us-central1",
            "router": "tf-router-us-central1",
            "source_subnetwork_ip_ranges_to_nat": "ALL_SUBNETWORKS_ALL_IP_RANGES",
            "subnetwork": [],
            "tcp_established_idle_timeout_sec": 1200,
            "tcp_transitory_idle_timeout_sec": 30,
            "timeouts": null,
            "udp_idle_timeout_sec": 30
          },
          "sensitive_attributes": [],
          "private": "eyJlMmJmYjczMC1lY2FhLTExZTYtOGY4OC0zNDM2M2JjN2M0YzAiOnsiY3JlYXRlIjoxMjAwMDAwMDAwMDAwLCJkZWxldGUiOjEyMDAwMDAwMDAwMDAsInVwZGF0ZSI6MTIwMDAwMDAwMDAwMH19",
          "dependencies": [
            "google_compute_address.nat",
            "google_compute_network.network",
            "google_compute_router.router",
            "google_compute_subnetwork.network_subnetwork"
          ]
        }
      ]
    },
    {
      "mode": "managed",
      "type": "google_compute_subnetwork",
      "name": "network_subnetwork",
      "provider": "provider[\"registry.terraform.io/hashicorp/google\"]",
      "instances": [
        {
          "schema_version": 0,
          "attributes": {
            "creation_timestamp": "2022-04-16T14:28:06.806-07:00",
            "description": "",
            "external_ipv6_prefix": "",
            "fingerprint": null,
            "gateway_address": "10.20.0.1",
            "id": "projects/learning-devops-341309/regions/us-central1/subnetworks/tf-subnetwork-us-central1",
            "ip_cidr_range": "10.20.0.0/16",
            "ipv6_access_type": "",
            "ipv6_cidr_range": "",
            "log_config": [],
            "name": "tf-subnetwork-us-central1",
            "network": "https://www.googleapis.com/compute/v1/projects/learning-devops-341309/global/networks/tf",
            "private_ip_google_access": false,
            "private_ipv6_google_access": "DISABLE_GOOGLE_ACCESS",
            "project": "learning-devops-341309",
            "purpose": "PRIVATE",
            "region": "us-central1",
            "role": "",
            "secondary_ip_range": [],
            "self_link": "https://www.googleapis.com/compute/v1/projects/learning-devops-341309/regions/us-central1/subnetworks/tf-subnetwork-us-central1",
            "stack_type": "IPV4_ONLY",
            "timeouts": null
          },
          "sensitive_attributes": [],
          "private": "eyJlMmJmYjczMC1lY2FhLTExZTYtOGY4OC0zNDM2M2JjN2M0YzAiOnsiY3JlYXRlIjoxMjAwMDAwMDAwMDAwLCJkZWxldGUiOjEyMDAwMDAwMDAwMDAsInVwZGF0ZSI6MTIwMDAwMDAwMDAwMH19",
          "dependencies": [
            "google_compute_network.network"
          ]
        }
      ]
    },
    {
      "mode": "managed",
      "type": "null_resource",
      "name": "lb_provisilboner",
      "provider": "provider[\"registry.terraform.io/hashicorp/null\"]",
      "instances": [
        {
          "schema_version": 0,
          "attributes": {
            "id": "8062700301529052052",
            "triggers": {
              "public_ip": "35.238.191.193"
            }
          },
          "sensitive_attributes": [],
          "private": "bnVsbA==",
          "dependencies": [
            "google_compute_address.lb",
            "google_compute_instance.lb-instance",
            "google_compute_network.network",
            "google_compute_subnetwork.network_subnetwork"
          ]
        }
      ]
    },
    {
      "mode": "managed",
      "type": "null_resource",
      "name": "master_provisilboner",
      "provider": "provider[\"registry.terraform.io/hashicorp/null\"]",
      "instances": [
        {
          "index_key": 0,
          "schema_version": 0,
          "attributes": {
            "id": "7105445740771841121",
            "triggers": {
              "public_ips": "35.238.174.165,35.238.59.249"
            }
          },
          "sensitive_attributes": [],
          "private": "bnVsbA==",
          "dependencies": [
            "google_compute_address.master",
            "google_compute_instance.master-instance",
            "google_compute_network.network",
            "google_compute_subnetwork.network_subnetwork"
          ]
        },
        {
          "index_key": 1,
          "schema_version": 0,
          "attributes": {
            "id": "6622060216124502611",
            "triggers": {
              "public_ips": "35.238.174.165,35.238.59.249"
            }
          },
          "sensitive_attributes": [],
          "private": "bnVsbA==",
          "dependencies": [
            "google_compute_address.master",
            "google_compute_instance.master-instance",
            "google_compute_network.network",
            "google_compute_subnetwork.network_subnetwork"
          ]
        }
      ]
    },
    {
      "mode": "managed",
      "type": "null_resource",
      "name": "only_master_1_provisilboner",
      "provider": "provider[\"registry.terraform.io/hashicorp/null\"]",
      "instances": [
        {
          "schema_version": 0,
          "attributes": {
            "id": "2056316560322957594",
            "triggers": {
              "metadata_fingerprint": "aRMh3bbR3ZM=",
              "nat_ip": "35.238.174.165",
              "self_link": "https://www.googleapis.com/compute/v1/projects/learning-devops-341309/zones/us-central1-a/instances/master1"
            }
          },
          "sensitive_attributes": [],
          "private": "bnVsbA==",
          "dependencies": [
            "google_compute_address.master",
            "google_compute_instance.master-instance",
            "google_compute_network.network",
            "google_compute_subnetwork.network_subnetwork"
          ]
        }
      ]
    }
  ]
}
