{
  "version": 4,
  "terraform_version": "1.1.8",
  "serial": 179,
  "lineage": "78e4483b-170d-111d-b77f-05a0f972703e",
  "outputs": {},
  "resources": [
    {
      "mode": "managed",
      "type": "google_compute_address",
      "name": "lb",
      "provider": "provider[\"registry.terraform.io/hashicorp/google\"]",
      "instances": [
        {
          "schema_version": 0,
          "attributes": {
            "address": "34.66.62.198",
            "address_type": "EXTERNAL",
            "creation_timestamp": "2022-04-12T03:54:58.459-07:00",
            "description": "",
            "id": "projects/learning-devops-341309/regions/us-central1/addresses/lb-public-address",
            "name": "lb-public-address",
            "network": "",
            "network_tier": "PREMIUM",
            "prefix_length": 0,
            "project": "learning-devops-341309",
            "purpose": "",
            "region": "us-central1",
            "self_link": "https://www.googleapis.com/compute/v1/projects/learning-devops-341309/regions/us-central1/addresses/lb-public-address",
            "subnetwork": "",
            "timeouts": null,
            "users": []
          },
          "sensitive_attributes": [],
          "private": "eyJlMmJmYjczMC1lY2FhLTExZTYtOGY4OC0zNDM2M2JjN2M0YzAiOnsiY3JlYXRlIjoxMjAwMDAwMDAwMDAwLCJkZWxldGUiOjEyMDAwMDAwMDAwMDB9fQ=="
        }
      ]
    },
    {
      "mode": "managed",
      "type": "google_compute_address",
      "name": "master",
      "provider": "provider[\"registry.terraform.io/hashicorp/google\"]",
      "instances": [
        {
          "index_key": 0,
          "schema_version": 0,
          "attributes": {
            "address": "104.198.153.55",
            "address_type": "EXTERNAL",
            "creation_timestamp": "2022-04-12T03:54:58.451-07:00",
            "description": "",
            "id": "projects/learning-devops-341309/regions/us-central1/addresses/master1-public-address",
            "name": "master1-public-address",
            "network": "",
            "network_tier": "PREMIUM",
            "prefix_length": 0,
            "project": "learning-devops-341309",
            "purpose": "",
            "region": "us-central1",
            "self_link": "https://www.googleapis.com/compute/v1/projects/learning-devops-341309/regions/us-central1/addresses/master1-public-address",
            "subnetwork": "",
            "timeouts": null,
            "users": []
          },
          "sensitive_attributes": [],
          "private": "eyJlMmJmYjczMC1lY2FhLTExZTYtOGY4OC0zNDM2M2JjN2M0YzAiOnsiY3JlYXRlIjoxMjAwMDAwMDAwMDAwLCJkZWxldGUiOjEyMDAwMDAwMDAwMDB9fQ=="
        },
        {
          "index_key": 1,
          "schema_version": 0,
          "attributes": {
            "address": "34.67.87.52",
            "address_type": "EXTERNAL",
            "creation_timestamp": "2022-04-12T03:54:58.453-07:00",
            "description": "",
            "id": "projects/learning-devops-341309/regions/us-central1/addresses/master2-public-address",
            "name": "master2-public-address",
            "network": "",
            "network_tier": "PREMIUM",
            "prefix_length": 0,
            "project": "learning-devops-341309",
            "purpose": "",
            "region": "us-central1",
            "self_link": "https://www.googleapis.com/compute/v1/projects/learning-devops-341309/regions/us-central1/addresses/master2-public-address",
            "subnetwork": "",
            "timeouts": null,
            "users": []
          },
          "sensitive_attributes": [],
          "private": "eyJlMmJmYjczMC1lY2FhLTExZTYtOGY4OC0zNDM2M2JjN2M0YzAiOnsiY3JlYXRlIjoxMjAwMDAwMDAwMDAwLCJkZWxldGUiOjEyMDAwMDAwMDAwMDB9fQ=="
        }
      ]
    },
    {
      "mode": "managed",
      "type": "google_compute_firewall",
      "name": "http",
      "provider": "provider[\"registry.terraform.io/hashicorp/google\"]",
      "instances": [
        {
          "schema_version": 1,
          "attributes": {
            "allow": [
              {
                "ports": [
                  "80"
                ],
                "protocol": "tcp"
              }
            ],
            "creation_timestamp": "2022-04-12T03:55:30.505-07:00",
            "deny": [],
            "description": "",
            "destination_ranges": [],
            "direction": "INGRESS",
            "disabled": false,
            "enable_logging": null,
            "id": "projects/learning-devops-341309/global/firewalls/tf-firewall-http",
            "log_config": [],
            "name": "tf-firewall-http",
            "network": "https://www.googleapis.com/compute/v1/projects/learning-devops-341309/global/networks/tf",
            "priority": 1000,
            "project": "learning-devops-341309",
            "self_link": "https://www.googleapis.com/compute/v1/projects/learning-devops-341309/global/firewalls/tf-firewall-http",
            "source_ranges": [
              "0.0.0.0/0"
            ],
            "source_service_accounts": null,
            "source_tags": null,
            "target_service_accounts": null,
            "target_tags": [
              "tf-firewall-http"
            ],
            "timeouts": null
          },
          "sensitive_attributes": [],
          "private": "eyJlMmJmYjczMC1lY2FhLTExZTYtOGY4OC0zNDM2M2JjN2M0YzAiOnsiY3JlYXRlIjoxMjAwMDAwMDAwMDAwLCJkZWxldGUiOjEyMDAwMDAwMDAwMDAsInVwZGF0ZSI6MTIwMDAwMDAwMDAwMH0sInNjaGVtYV92ZXJzaW9uIjoiMSJ9",
          "dependencies": [
            "google_compute_network.network"
          ]
        }
      ]
    },
    {
      "mode": "managed",
      "type": "google_compute_firewall",
      "name": "https",
      "provider": "provider[\"registry.terraform.io/hashicorp/google\"]",
      "instances": [
        {
          "schema_version": 1,
          "attributes": {
            "allow": [
              {
                "ports": [
                  "443"
                ],
                "protocol": "tcp"
              }
            ],
            "creation_timestamp": "2022-04-12T03:55:30.633-07:00",
            "deny": [],
            "description": "",
            "destination_ranges": [],
            "direction": "INGRESS",
            "disabled": false,
            "enable_logging": null,
            "id": "projects/learning-devops-341309/global/firewalls/tf-firewall-https",
            "log_config": [],
            "name": "tf-firewall-https",
            "network": "https://www.googleapis.com/compute/v1/projects/learning-devops-341309/global/networks/tf",
            "priority": 1000,
            "project": "learning-devops-341309",
            "self_link": "https://www.googleapis.com/compute/v1/projects/learning-devops-341309/global/firewalls/tf-firewall-https",
            "source_ranges": [
              "0.0.0.0/0"
            ],
            "source_service_accounts": null,
            "source_tags": null,
            "target_service_accounts": null,
            "target_tags": [
              "tf-firewall-https"
            ],
            "timeouts": null
          },
          "sensitive_attributes": [],
          "private": "eyJlMmJmYjczMC1lY2FhLTExZTYtOGY4OC0zNDM2M2JjN2M0YzAiOnsiY3JlYXRlIjoxMjAwMDAwMDAwMDAwLCJkZWxldGUiOjEyMDAwMDAwMDAwMDAsInVwZGF0ZSI6MTIwMDAwMDAwMDAwMH0sInNjaGVtYV92ZXJzaW9uIjoiMSJ9",
          "dependencies": [
            "google_compute_network.network"
          ]
        }
      ]
    },
    {
      "mode": "managed",
      "type": "google_compute_firewall",
      "name": "icmp",
      "provider": "provider[\"registry.terraform.io/hashicorp/google\"]",
      "instances": [
        {
          "schema_version": 1,
          "attributes": {
            "allow": [
              {
                "ports": [],
                "protocol": "icmp"
              }
            ],
            "creation_timestamp": "2022-04-12T03:55:30.686-07:00",
            "deny": [],
            "description": "",
            "destination_ranges": [],
            "direction": "INGRESS",
            "disabled": false,
            "enable_logging": null,
            "id": "projects/learning-devops-341309/global/firewalls/tf-firewall-icmp",
            "log_config": [],
            "name": "tf-firewall-icmp",
            "network": "https://www.googleapis.com/compute/v1/projects/learning-devops-341309/global/networks/tf",
            "priority": 1000,
            "project": "learning-devops-341309",
            "self_link": "https://www.googleapis.com/compute/v1/projects/learning-devops-341309/global/firewalls/tf-firewall-icmp",
            "source_ranges": [
              "0.0.0.0/0"
            ],
            "source_service_accounts": null,
            "source_tags": null,
            "target_service_accounts": null,
            "target_tags": [
              "tf-firewall-icmp"
            ],
            "timeouts": null
          },
          "sensitive_attributes": [],
          "private": "eyJlMmJmYjczMC1lY2FhLTExZTYtOGY4OC0zNDM2M2JjN2M0YzAiOnsiY3JlYXRlIjoxMjAwMDAwMDAwMDAwLCJkZWxldGUiOjEyMDAwMDAwMDAwMDAsInVwZGF0ZSI6MTIwMDAwMDAwMDAwMH0sInNjaGVtYV92ZXJzaW9uIjoiMSJ9",
          "dependencies": [
            "google_compute_network.network"
          ]
        }
      ]
    },
    {
      "mode": "managed",
      "type": "google_compute_firewall",
      "name": "ssh",
      "provider": "provider[\"registry.terraform.io/hashicorp/google\"]",
      "instances": [
        {
          "schema_version": 1,
          "attributes": {
            "allow": [
              {
                "ports": [
                  "22"
                ],
                "protocol": "tcp"
              }
            ],
            "creation_timestamp": "2022-04-12T03:55:30.502-07:00",
            "deny": [],
            "description": "",
            "destination_ranges": [],
            "direction": "INGRESS",
            "disabled": false,
            "enable_logging": null,
            "id": "projects/learning-devops-341309/global/firewalls/tf-firewall-ssh",
            "log_config": [],
            "name": "tf-firewall-ssh",
            "network": "https://www.googleapis.com/compute/v1/projects/learning-devops-341309/global/networks/tf",
            "priority": 1000,
            "project": "learning-devops-341309",
            "self_link": "https://www.googleapis.com/compute/v1/projects/learning-devops-341309/global/firewalls/tf-firewall-ssh",
            "source_ranges": [
              "0.0.0.0/0"
            ],
            "source_service_accounts": null,
            "source_tags": null,
            "target_service_accounts": null,
            "target_tags": [
              "tf-firewall-ssh"
            ],
            "timeouts": null
          },
          "sensitive_attributes": [],
          "private": "eyJlMmJmYjczMC1lY2FhLTExZTYtOGY4OC0zNDM2M2JjN2M0YzAiOnsiY3JlYXRlIjoxMjAwMDAwMDAwMDAwLCJkZWxldGUiOjEyMDAwMDAwMDAwMDAsInVwZGF0ZSI6MTIwMDAwMDAwMDAwMH0sInNjaGVtYV92ZXJzaW9uIjoiMSJ9",
          "dependencies": [
            "google_compute_network.network"
          ]
        }
      ]
    },
    {
      "mode": "managed",
      "type": "google_compute_instance",
      "name": "lb-instance",
      "provider": "provider[\"registry.terraform.io/hashicorp/google\"]",
      "instances": [
        {
          "schema_version": 6,
          "attributes": {
            "advanced_machine_features": [],
            "allow_stopping_for_update": null,
            "attached_disk": [],
            "boot_disk": [
              {
                "auto_delete": true,
                "device_name": "persistent-disk-0",
                "disk_encryption_key_raw": "",
                "disk_encryption_key_sha256": "",
                "initialize_params": [
                  {
                    "image": "https://www.googleapis.com/compute/v1/projects/ubuntu-os-cloud/global/images/ubuntu-2004-focal-v20220404",
                    "labels": {},
                    "size": 30,
                    "type": "pd-standard"
                  }
                ],
                "kms_key_self_link": "",
                "mode": "READ_WRITE",
                "source": "https://www.googleapis.com/compute/v1/projects/learning-devops-341309/zones/us-central1-a/disks/lb"
              }
            ],
            "can_ip_forward": false,
            "confidential_instance_config": [],
            "cpu_platform": "Intel Broadwell",
            "current_status": "RUNNING",
            "deletion_protection": false,
            "description": "",
            "desired_status": null,
            "enable_display": false,
            "guest_accelerator": [],
            "hostname": "",
            "id": "projects/learning-devops-341309/zones/us-central1-a/instances/lb",
            "instance_id": "5978609855185347668",
            "label_fingerprint": "42WmSpB8rSM=",
            "labels": null,
            "machine_type": "e2-standard-2",
            "metadata": {
              "ssh-keys": "phuocpro1969:ssh-rsa AAAAB3NzaC1yc2EAAAADAQABAAABgQClc4uUrhPWI4TWddd1snhknApu4wRjrg2gVY55x4dIWoBguWQxUtgPyTAYJG6uoftkx1dhB9SE0w8TENKREFx685UkoZmwhyGM9X7fkb9Bv51Li+/pVRPzV6LHGF3Iq+OZdqG8JwXE7ftAhNghktJ9Jh3ZheMpNsMHdZzkTY3Vw7VIk7lyiD3SzoTZeD+cocFavi9dUwVuEQkrNHgoRO5ajNsiErldoOo/QGbz63gmGd8ikXXQctDBZVrAPWuqfJT4WL/DSs1+FBP2iIITqw4v0gQnAiYmJcZDk3Y6ZxNL/e1rMsN17le4I3fTG++pknOHDe5hOBK+xRVaZ9dgjw9GdYrmzJ8Suw5eVXZ0Gvv2Vo+UlmV1xoNPT0Nqqygd7Uzd1Z1KE71MtvWFeY7LdeJFYMuDRk+bzreXloEClNaTddYLThmmEjwHAt6k2G768l59xEXHl75jINyRiiKMwwYxFpYQz9Jrb+uzEiYWconMhYCP9/e29YsjuQg9Z6Rommk= phuocpro1969@gmail.com\r\n"
            },
            "metadata_fingerprint": "r0hHfc_7k6k=",
            "metadata_startup_script": null,
            "min_cpu_platform": "",
            "name": "lb",
            "network_interface": [
              {
                "access_config": [
                  {
                    "nat_ip": "34.66.62.198",
                    "network_tier": "PREMIUM",
                    "public_ptr_domain_name": ""
                  }
                ],
                "alias_ip_range": [],
                "ipv6_access_config": [],
                "ipv6_access_type": "",
                "name": "nic0",
                "network": "https://www.googleapis.com/compute/v1/projects/learning-devops-341309/global/networks/tf",
                "network_ip": "10.20.0.10",
                "nic_type": "",
                "queue_count": 0,
                "stack_type": "IPV4_ONLY",
                "subnetwork": "https://www.googleapis.com/compute/v1/projects/learning-devops-341309/regions/us-central1/subnetworks/tf-subnetwork-us-central1",
                "subnetwork_project": "learning-devops-341309"
              }
            ],
            "project": "learning-devops-341309",
            "reservation_affinity": [],
            "resource_policies": null,
            "scheduling": [
              {
                "automatic_restart": true,
                "min_node_cpus": 0,
                "node_affinities": [],
                "on_host_maintenance": "MIGRATE",
                "preemptible": false
              }
            ],
            "scratch_disk": [],
            "self_link": "https://www.googleapis.com/compute/v1/projects/learning-devops-341309/zones/us-central1-a/instances/lb",
            "service_account": [],
            "shielded_instance_config": [
              {
                "enable_integrity_monitoring": true,
                "enable_secure_boot": false,
                "enable_vtpm": true
              }
            ],
            "tags": [
              "tf-firewall-http",
              "tf-firewall-https",
              "tf-firewall-icmp",
              "tf-firewall-openshift-console",
              "tf-firewall-postgresql",
              "tf-firewall-secure-forward",
              "tf-firewall-ssh"
            ],
            "tags_fingerprint": "piFG-rp9Htw=",
            "timeouts": null,
            "zone": "us-central1-a"
          },
          "sensitive_attributes": [],
          "private": "eyJlMmJmYjczMC1lY2FhLTExZTYtOGY4OC0zNDM2M2JjN2M0YzAiOnsiY3JlYXRlIjoxMjAwMDAwMDAwMDAwLCJkZWxldGUiOjEyMDAwMDAwMDAwMDAsInVwZGF0ZSI6MTIwMDAwMDAwMDAwMH0sInNjaGVtYV92ZXJzaW9uIjoiNiJ9",
          "dependencies": [
            "google_compute_address.lb",
            "google_compute_network.network",
            "google_compute_subnetwork.network_subnetwor"
          ]
        }
      ]
    },
    {
      "mode": "managed",
      "type": "google_compute_instance",
      "name": "master-instance",
      "provider": "provider[\"registry.terraform.io/hashicorp/google\"]",
      "instances": [
        {
          "index_key": 0,
          "schema_version": 6,
          "attributes": {
            "advanced_machine_features": [],
            "allow_stopping_for_update": null,
            "attached_disk": [],
            "boot_disk": [
              {
                "auto_delete": true,
                "device_name": "persistent-disk-0",
                "disk_encryption_key_raw": "",
                "disk_encryption_key_sha256": "",
                "initialize_params": [
                  {
                    "image": "https://www.googleapis.com/compute/v1/projects/ubuntu-os-cloud/global/images/ubuntu-2004-focal-v20220404",
                    "labels": {},
                    "size": 30,
                    "type": "pd-standard"
                  }
                ],
                "kms_key_self_link": "",
                "mode": "READ_WRITE",
                "source": "https://www.googleapis.com/compute/v1/projects/learning-devops-341309/zones/us-central1-a/disks/master1"
              }
            ],
            "can_ip_forward": false,
            "confidential_instance_config": [],
            "cpu_platform": "Intel Broadwell",
            "current_status": "RUNNING",
            "deletion_protection": false,
            "description": "",
            "desired_status": null,
            "enable_display": false,
            "guest_accelerator": [],
            "hostname": "",
            "id": "projects/learning-devops-341309/zones/us-central1-a/instances/master1",
            "instance_id": "1851051777268966484",
            "label_fingerprint": "42WmSpB8rSM=",
            "labels": null,
            "machine_type": "e2-standard-2",
            "metadata": {
              "ssh-keys": "phuocpro1969:ssh-rsa AAAAB3NzaC1yc2EAAAADAQABAAABgQClc4uUrhPWI4TWddd1snhknApu4wRjrg2gVY55x4dIWoBguWQxUtgPyTAYJG6uoftkx1dhB9SE0w8TENKREFx685UkoZmwhyGM9X7fkb9Bv51Li+/pVRPzV6LHGF3Iq+OZdqG8JwXE7ftAhNghktJ9Jh3ZheMpNsMHdZzkTY3Vw7VIk7lyiD3SzoTZeD+cocFavi9dUwVuEQkrNHgoRO5ajNsiErldoOo/QGbz63gmGd8ikXXQctDBZVrAPWuqfJT4WL/DSs1+FBP2iIITqw4v0gQnAiYmJcZDk3Y6ZxNL/e1rMsN17le4I3fTG++pknOHDe5hOBK+xRVaZ9dgjw9GdYrmzJ8Suw5eVXZ0Gvv2Vo+UlmV1xoNPT0Nqqygd7Uzd1Z1KE71MtvWFeY7LdeJFYMuDRk+bzreXloEClNaTddYLThmmEjwHAt6k2G768l59xEXHl75jINyRiiKMwwYxFpYQz9Jrb+uzEiYWconMhYCP9/e29YsjuQg9Z6Rommk= phuocpro1969@gmail.com\r\n"
            },
            "metadata_fingerprint": "r0hHfc_7k6k=",
            "metadata_startup_script": null,
            "min_cpu_platform": "",
            "name": "master1",
            "network_interface": [
              {
                "access_config": [
                  {
                    "nat_ip": "104.198.153.55",
                    "network_tier": "PREMIUM",
                    "public_ptr_domain_name": ""
                  }
                ],
                "alias_ip_range": [],
                "ipv6_access_config": [],
                "ipv6_access_type": "",
                "name": "nic0",
                "network": "https://www.googleapis.com/compute/v1/projects/learning-devops-341309/global/networks/tf",
                "network_ip": "10.20.0.11",
                "nic_type": "",
                "queue_count": 0,
                "stack_type": "IPV4_ONLY",
                "subnetwork": "https://www.googleapis.com/compute/v1/projects/learning-devops-341309/regions/us-central1/subnetworks/tf-subnetwork-us-central1",
                "subnetwork_project": "learning-devops-341309"
              }
            ],
            "project": "learning-devops-341309",
            "reservation_affinity": [],
            "resource_policies": null,
            "scheduling": [
              {
                "automatic_restart": true,
                "min_node_cpus": 0,
                "node_affinities": [],
                "on_host_maintenance": "MIGRATE",
                "preemptible": false
              }
            ],
            "scratch_disk": [],
            "self_link": "https://www.googleapis.com/compute/v1/projects/learning-devops-341309/zones/us-central1-a/instances/master1",
            "service_account": [],
            "shielded_instance_config": [
              {
                "enable_integrity_monitoring": true,
                "enable_secure_boot": false,
                "enable_vtpm": true
              }
            ],
            "tags": [
              "tf-firewall-http",
              "tf-firewall-https",
              "tf-firewall-icmp",
              "tf-firewall-openshift-console",
              "tf-firewall-postgresql",
              "tf-firewall-secure-forward",
              "tf-firewall-ssh"
            ],
            "tags_fingerprint": "piFG-rp9Htw=",
            "timeouts": null,
            "zone": "us-central1-a"
          },
          "sensitive_attributes": [],
          "private": "eyJlMmJmYjczMC1lY2FhLTExZTYtOGY4OC0zNDM2M2JjN2M0YzAiOnsiY3JlYXRlIjoxMjAwMDAwMDAwMDAwLCJkZWxldGUiOjEyMDAwMDAwMDAwMDAsInVwZGF0ZSI6MTIwMDAwMDAwMDAwMH0sInNjaGVtYV92ZXJzaW9uIjoiNiJ9",
          "dependencies": [
            "google_compute_address.master",
            "google_compute_network.network",
            "google_compute_subnetwork.network_subnetwor"
          ]
        },
        {
          "index_key": 1,
          "schema_version": 6,
          "attributes": {
            "advanced_machine_features": [],
            "allow_stopping_for_update": null,
            "attached_disk": [],
            "boot_disk": [
              {
                "auto_delete": true,
                "device_name": "persistent-disk-0",
                "disk_encryption_key_raw": "",
                "disk_encryption_key_sha256": "",
                "initialize_params": [
                  {
                    "image": "https://www.googleapis.com/compute/v1/projects/ubuntu-os-cloud/global/images/ubuntu-2004-focal-v20220404",
                    "labels": {},
                    "size": 30,
                    "type": "pd-standard"
                  }
                ],
                "kms_key_self_link": "",
                "mode": "READ_WRITE",
                "source": "https://www.googleapis.com/compute/v1/projects/learning-devops-341309/zones/us-central1-a/disks/master2"
              }
            ],
            "can_ip_forward": false,
            "confidential_instance_config": [],
            "cpu_platform": "Intel Broadwell",
            "current_status": "RUNNING",
            "deletion_protection": false,
            "description": "",
            "desired_status": null,
            "enable_display": false,
            "guest_accelerator": [],
            "hostname": "",
            "id": "projects/learning-devops-341309/zones/us-central1-a/instances/master2",
            "instance_id": "7406623830417400915",
            "label_fingerprint": "42WmSpB8rSM=",
            "labels": null,
            "machine_type": "e2-standard-2",
            "metadata": {
              "ssh-keys": "phuocpro1969:ssh-rsa AAAAB3NzaC1yc2EAAAADAQABAAABgQClc4uUrhPWI4TWddd1snhknApu4wRjrg2gVY55x4dIWoBguWQxUtgPyTAYJG6uoftkx1dhB9SE0w8TENKREFx685UkoZmwhyGM9X7fkb9Bv51Li+/pVRPzV6LHGF3Iq+OZdqG8JwXE7ftAhNghktJ9Jh3ZheMpNsMHdZzkTY3Vw7VIk7lyiD3SzoTZeD+cocFavi9dUwVuEQkrNHgoRO5ajNsiErldoOo/QGbz63gmGd8ikXXQctDBZVrAPWuqfJT4WL/DSs1+FBP2iIITqw4v0gQnAiYmJcZDk3Y6ZxNL/e1rMsN17le4I3fTG++pknOHDe5hOBK+xRVaZ9dgjw9GdYrmzJ8Suw5eVXZ0Gvv2Vo+UlmV1xoNPT0Nqqygd7Uzd1Z1KE71MtvWFeY7LdeJFYMuDRk+bzreXloEClNaTddYLThmmEjwHAt6k2G768l59xEXHl75jINyRiiKMwwYxFpYQz9Jrb+uzEiYWconMhYCP9/e29YsjuQg9Z6Rommk= phuocpro1969@gmail.com\r\n"
            },
            "metadata_fingerprint": "r0hHfc_7k6k=",
            "metadata_startup_script": null,
            "min_cpu_platform": "",
            "name": "master2",
            "network_interface": [
              {
                "access_config": [
                  {
                    "nat_ip": "34.67.87.52",
                    "network_tier": "PREMIUM",
                    "public_ptr_domain_name": ""
                  }
                ],
                "alias_ip_range": [],
                "ipv6_access_config": [],
                "ipv6_access_type": "",
                "name": "nic0",
                "network": "https://www.googleapis.com/compute/v1/projects/learning-devops-341309/global/networks/tf",
                "network_ip": "10.20.0.12",
                "nic_type": "",
                "queue_count": 0,
                "stack_type": "IPV4_ONLY",
                "subnetwork": "https://www.googleapis.com/compute/v1/projects/learning-devops-341309/regions/us-central1/subnetworks/tf-subnetwork-us-central1",
                "subnetwork_project": "learning-devops-341309"
              }
            ],
            "project": "learning-devops-341309",
            "reservation_affinity": [],
            "resource_policies": null,
            "scheduling": [
              {
                "automatic_restart": true,
                "min_node_cpus": 0,
                "node_affinities": [],
                "on_host_maintenance": "MIGRATE",
                "preemptible": false
              }
            ],
            "scratch_disk": [],
            "self_link": "https://www.googleapis.com/compute/v1/projects/learning-devops-341309/zones/us-central1-a/instances/master2",
            "service_account": [],
            "shielded_instance_config": [
              {
                "enable_integrity_monitoring": true,
                "enable_secure_boot": false,
                "enable_vtpm": true
              }
            ],
            "tags": [
              "tf-firewall-http",
              "tf-firewall-https",
              "tf-firewall-icmp",
              "tf-firewall-openshift-console",
              "tf-firewall-postgresql",
              "tf-firewall-secure-forward",
              "tf-firewall-ssh"
            ],
            "tags_fingerprint": "piFG-rp9Htw=",
            "timeouts": null,
            "zone": "us-central1-a"
          },
          "sensitive_attributes": [],
          "private": "eyJlMmJmYjczMC1lY2FhLTExZTYtOGY4OC0zNDM2M2JjN2M0YzAiOnsiY3JlYXRlIjoxMjAwMDAwMDAwMDAwLCJkZWxldGUiOjEyMDAwMDAwMDAwMDAsInVwZGF0ZSI6MTIwMDAwMDAwMDAwMH0sInNjaGVtYV92ZXJzaW9uIjoiNiJ9",
          "dependencies": [
            "google_compute_address.master",
            "google_compute_network.network",
            "google_compute_subnetwork.network_subnetwor"
          ]
        }
      ]
    },
    {
      "mode": "managed",
      "type": "google_compute_instance",
      "name": "worker-instance",
      "provider": "provider[\"registry.terraform.io/hashicorp/google\"]",
      "instances": [
        {
          "index_key": 0,
          "schema_version": 6,
          "attributes": {
            "advanced_machine_features": [],
            "allow_stopping_for_update": null,
            "attached_disk": [],
            "boot_disk": [
              {
                "auto_delete": true,
                "device_name": "persistent-disk-0",
                "disk_encryption_key_raw": "",
                "disk_encryption_key_sha256": "",
                "initialize_params": [
                  {
                    "image": "https://www.googleapis.com/compute/v1/projects/ubuntu-os-cloud/global/images/ubuntu-2004-focal-v20220404",
                    "labels": {},
                    "size": 30,
                    "type": "pd-standard"
                  }
                ],
                "kms_key_self_link": "",
                "mode": "READ_WRITE",
                "source": "https://www.googleapis.com/compute/v1/projects/learning-devops-341309/zones/us-central1-a/disks/worker1"
              }
            ],
            "can_ip_forward": false,
            "confidential_instance_config": [],
            "cpu_platform": "Intel Broadwell",
            "current_status": "RUNNING",
            "deletion_protection": false,
            "description": "",
            "desired_status": null,
            "enable_display": false,
            "guest_accelerator": [],
            "hostname": "",
            "id": "projects/learning-devops-341309/zones/us-central1-a/instances/worker1",
            "instance_id": "8989752362020693076",
            "label_fingerprint": "42WmSpB8rSM=",
            "labels": null,
            "machine_type": "e2-standard-2",
            "metadata": {
              "ssh-keys": "phuocpro1969:-----BEGIN OPENSSH PRIVATE KEY-----\nb3BlbnNzaC1rZXktdjEAAAAABG5vbmUAAAAEbm9uZQAAAAAAAAABAAABlwAAAAdzc2gtcn\nNhAAAAAwEAAQAAAYEApXOLlK4T1iOE1nXXdbJ4ZJwKbuMEY64NoFWOeceHSFqAYLlkMVLY\nD8kwGCRurqH7ZMdXYQfUhNMPExDSkRBcevOVJKGZsIchjPV+35G/Qb+dS4vv6VUT81eixx\nhdyKvjmXahvCcFxO37QITYIZLSfSYd2YXjKTbDB3Wc5E2N1cO1SJO5cog90s6E2Xg/nKHB\nWr4vXVMFbhEJKzR4KETuWozbIhK5XaDqP0Bm8+t4JhnfIpF10HLQwWVawD1rqnyU+Fi/w0\nrNfhQT9oiCE6sOL9IEJwImJiXGQ5N2OmcTS/3tazLDde5XuCN30xvvqZJzhw3uYTgSvsUV\nWmfXYI8PRnWK5syfErsOXlV2dBr79laPlJZldcaDT09DaqsoHe1M3dWdShO9TLb1hXmOy3\nXiRWDLg0ZPm863l5aBApTWk3XWC04ZphI8BwLepNhu+vJefcRFx5e+YyDckYoijMMGMRaW\nEM/Sa2/rsxImFnKJzIWAj/f3tvWLI7kIPWekaJppAAAFkLuZHI27mRyNAAAAB3NzaC1yc2\nEAAAGBAKVzi5SuE9YjhNZ113WyeGScCm7jBGOuDaBVjnnHh0hagGC5ZDFS2A/JMBgkbq6h\n+2THV2EH1ITTDxMQ0pEQXHrzlSShmbCHIYz1ft+Rv0G/nUuL7+lVE/NXoscYXcir45l2ob\nwnBcTt+0CE2CGS0n0mHdmF4yk2wwd1nORNjdXDtUiTuXKIPdLOhNl4P5yhwVq+L11TBW4R\nCSs0eChE7lqM2yISuV2g6j9AZvPreCYZ3yKRddBy0MFlWsA9a6p8lPhYv8NKzX4UE/aIgh\nOrDi/SBCcCJiYlxkOTdjpnE0v97Wsyw3XuV7gjd9Mb76mSc4cN7mE4Er7FFVpn12CPD0Z1\niubMnxK7Dl5VdnQa+/ZWj5SWZXXGg09PQ2qrKB3tTN3VnUoTvUy29YV5jst14kVgy4NGT5\nvOt5eWgQKU1pN11gtOGaYSPAcC3qTYbvryXn3ERceXvmMg3JGKIozDBjEWlhDP0mtv67MS\nJhZyicyFgI/397b1iyO5CD1npGiaaQAAAAMBAAEAAAGANVveWEUMALPT05aNtleonEn202\nxDriIkIuF04bGH373QSWGA/qdJJ04rRJ37VDbJbOcdNx3fXDb1VaDHSCGOsdh88SNs/ZGX\nMG68TD4lAH9bq1GmPgpCNOi+hpdFJ8LH1GZ+IsAzDB/0OAqf6bQATnxMhCq56EDRBUbZIo\ngghiBoBtAdruJhjesszTYKzekdArbzb5Wm2qiD3Hs/hT014d4rjgGb5qZO5bdPfLskNKWD\nYRKofGGLEdQuQHGOl501qWHrwju6xoUKnyiSrZVFx3LO7/m0KTT7rxERYlieq+W5m8dWyx\nLe8BqqJKM6F+JbcG0P7gHD7lPoP2w0p5N5tWHUhLGcSzEeLjoMqZ/Q556zG0aMJcdNFxtO\nL+ELMEoXigDBYDYo3JZg6jKPES+FmD/Lv3OalIXozsrGtiPn2sRgdhJr9EBctQNdkwDsZW\nUhDGjuhZFacAOVqgh3Uv48hNpcysppCFsPAaQj1W/3U1VDGuY/MxR4WaiL04/aHO0BAAAA\nwBf5LqFp317QArZ3dt3577OrBZoh96weupE+rYVOUUdiIw3/w6TX+bzuw3oT4avKF0xh0B\nI7na/PLYUnrYOjnCkoj1cFug1JkkobbYJvaAsyvkIEHvZwfQp8d5bafFrEnWPE1X1uArJJ\nrX64TI+aFdKPItDDxWREE5v4RDBt3ScW9Ls0fD+dgrgK+GX6gjeF+UTn3MG5ykY8m0Xdpd\ntFlSBls5kBsB49GFSW1VgyrOLEg5BG2hMbDnoOVLZovTPdhQAAAMEAz23iM00KtFy0aWBd\ngARMqe/pLI25QnPmKJ/v6KU4+oudStsBHfgnEr+3AGLCySTDKB/lXsYLvwdOtkowtfObmE\nf7OjvP9EDigd5yXnVNiPD3eW6IPuEQdaPK59ihQFnXMvvY28DVAOAJLqpmMLjZgRy7v8G7\nE2zQbnUfpMUUxoil/dEKXrdNig2tTBTZTwm61BuIXQiRKtffsoZwEiaqZq4F7C4/RvNJlJ\njdT0T+b/sa6q0XCtou8mP5UMOPIYNlAAAAwQDMMVf9MxcPe913ODSWRKf7aUuWKMvQAtJM\nBSeDcNXOY7Y8oAM8Id2qsxWE2b9xbaYQ7BfMKbgf0OG7USaGE2TYSPW5SB/4Iz0d3ftRw/\nqxCQZycHJJEi4SvKd3l3rVkQoQGozM/0XdYxDD31MxhrCw0kHFdrMNtK9KnPQOa/pnbMLS\nJy9eEtRC0bKHfHhVEjoG8j+pvLfD1vgOIPGEO6l2zO19G2yLV1X/n2UmSLbsw3zmGYgwnd\nZ/nRUsQdvCpLUAAAAWcGh1b2Nwcm8xOTY5QGdtYWlsLmNvbQECAwQF\n-----END OPENSSH PRIVATE KEY-----\n"
            },
            "metadata_fingerprint": "iZYu5_ttmSA=",
            "metadata_startup_script": "#!/bin/bash\n\n# update\nsudo apt update -y\n\n# disable firewall\nsudo ufw disable\n\n# disable swap\nsudo swapoff -a\nsudo sed -i '/swap/d' /etc/fstab\n\n# Enable ssh password authentication\nsudo sed -i 's/^PasswordAuthentication .*/PasswordAuthentication yes/' /etc/ssh/sshd_config\nsudo sed -i 's/^PermitRootLogin .*/PermitRootLogin yes/' /etc/ssh/sshd_config\nsudo systemctl reload sshd\n\n# Set Root password\nsudo echo -e \"admin\\admin\" | sudo passwd root \u003e/dev/null 2\u003e\u00261\n\n# update settings for kubernetes network\nsudo /bin/su -c \"cat \u003e\u003e/etc/sysctl.d/kubernetes.conf\u003c\u003cEOF\nnet.bridge.bridge-nf-call-ip6tables = 1\nnet.bridge.bridge-nf-call-iptables = 1\nEOF\"\n\n# install docker\nsudo apt install -y git wget apt-transport-https ca-certificates curl gnupg-agent software-properties-common\nsudo curl -fsSL https://download.docker.com/linux/ubuntu/gpg | sudo apt-key add -\nsudo add-apt-repository \"deb [arch=amd64] https://download.docker.com/linux/ubuntu $(lsb_release -cs) stable\"\nsudo apt update -y \u0026\u0026 sudo apt install -y docker-ce\nsudo service docker enable\nsudo service docker restart\nsudo chmod 666 /var/run/docker.sock\nsudo usermod -aG docker $(whoami)\n\n# install docker-compose\nsudo curl -L https://github.com/docker/compose/releases/latest/download/docker-compose-$(uname -s)-$(uname -m) -o /usr/local/bin/docker-compose\nsudo chmod +x /usr/local/bin/docker-compose\n\n# install kubernetes\nsudo curl -s https://packages.cloud.google.com/apt/doc/apt-key.gpg | sudo apt-key add -\nsudo apt-add-repository \"deb http://apt.kubernetes.io/ kubernetes-xenial main\"\nsudo apt update -y \u0026\u0026 sudo apt install -y kubeadm=1.22.8-00 kubelet=1.22.8-00 kubectl=1.22.8-00\nsudo apt update -y\n",
            "min_cpu_platform": "",
            "name": "worker1",
            "network_interface": [
              {
                "access_config": [],
                "alias_ip_range": [],
                "ipv6_access_config": [],
                "ipv6_access_type": "",
                "name": "nic0",
                "network": "https://www.googleapis.com/compute/v1/projects/learning-devops-341309/global/networks/tf",
                "network_ip": "10.20.0.21",
                "nic_type": "",
                "queue_count": 0,
                "stack_type": "IPV4_ONLY",
                "subnetwork": "https://www.googleapis.com/compute/v1/projects/learning-devops-341309/regions/us-central1/subnetworks/tf-subnetwork-us-central1",
                "subnetwork_project": "learning-devops-341309"
              }
            ],
            "project": "learning-devops-341309",
            "reservation_affinity": [],
            "resource_policies": null,
            "scheduling": [
              {
                "automatic_restart": true,
                "min_node_cpus": 0,
                "node_affinities": [],
                "on_host_maintenance": "MIGRATE",
                "preemptible": false
              }
            ],
            "scratch_disk": [],
            "self_link": "https://www.googleapis.com/compute/v1/projects/learning-devops-341309/zones/us-central1-a/instances/worker1",
            "service_account": [],
            "shielded_instance_config": [
              {
                "enable_integrity_monitoring": true,
                "enable_secure_boot": false,
                "enable_vtpm": true
              }
            ],
            "tags": [
              "tf-firewall-http",
              "tf-firewall-https",
              "tf-firewall-icmp",
              "tf-firewall-openshift-console",
              "tf-firewall-postgresql",
              "tf-firewall-secure-forward",
              "tf-firewall-ssh"
            ],
            "tags_fingerprint": "piFG-rp9Htw=",
            "timeouts": null,
            "zone": "us-central1-a"
          },
          "sensitive_attributes": [],
          "private": "eyJlMmJmYjczMC1lY2FhLTExZTYtOGY4OC0zNDM2M2JjN2M0YzAiOnsiY3JlYXRlIjoxMjAwMDAwMDAwMDAwLCJkZWxldGUiOjEyMDAwMDAwMDAwMDAsInVwZGF0ZSI6MTIwMDAwMDAwMDAwMH0sInNjaGVtYV92ZXJzaW9uIjoiNiJ9",
          "dependencies": [
            "google_compute_network.network",
            "google_compute_subnetwork.network_subnetwor"
          ],
          "create_before_destroy": true
        }
      ]
    },
    {
      "mode": "managed",
      "type": "google_compute_network",
      "name": "network",
      "provider": "provider[\"registry.terraform.io/hashicorp/google\"]",
      "instances": [
        {
          "schema_version": 0,
          "attributes": {
            "auto_create_subnetworks": true,
            "delete_default_routes_on_create": false,
            "description": "",
            "gateway_ipv4": "",
            "id": "projects/learning-devops-341309/global/networks/tf",
            "mtu": 0,
            "name": "tf",
            "project": "learning-devops-341309",
            "routing_mode": "REGIONAL",
            "self_link": "https://www.googleapis.com/compute/v1/projects/learning-devops-341309/global/networks/tf",
            "timeouts": null
          },
          "sensitive_attributes": [],
          "private": "eyJlMmJmYjczMC1lY2FhLTExZTYtOGY4OC0zNDM2M2JjN2M0YzAiOnsiY3JlYXRlIjoxMjAwMDAwMDAwMDAwLCJkZWxldGUiOjEyMDAwMDAwMDAwMDAsInVwZGF0ZSI6MTIwMDAwMDAwMDAwMH19",
          "create_before_destroy": true
        }
      ]
    },
    {
      "mode": "managed",
      "type": "google_compute_subnetwork",
      "name": "network_subnetwor",
      "provider": "provider[\"registry.terraform.io/hashicorp/google\"]",
      "instances": [
        {
          "schema_version": 0,
          "attributes": {
            "creation_timestamp": "2022-04-12T03:55:31.186-07:00",
            "description": "",
            "external_ipv6_prefix": "",
            "fingerprint": null,
            "gateway_address": "10.20.0.1",
            "id": "projects/learning-devops-341309/regions/us-central1/subnetworks/tf-subnetwork-us-central1",
            "ip_cidr_range": "10.20.0.0/16",
            "ipv6_access_type": "",
            "ipv6_cidr_range": "",
            "log_config": [],
            "name": "tf-subnetwork-us-central1",
            "network": "https://www.googleapis.com/compute/v1/projects/learning-devops-341309/global/networks/tf",
            "private_ip_google_access": false,
            "private_ipv6_google_access": "DISABLE_GOOGLE_ACCESS",
            "project": "learning-devops-341309",
            "purpose": "PRIVATE",
            "region": "us-central1",
            "role": "",
            "secondary_ip_range": [],
            "self_link": "https://www.googleapis.com/compute/v1/projects/learning-devops-341309/regions/us-central1/subnetworks/tf-subnetwork-us-central1",
            "stack_type": "IPV4_ONLY",
            "timeouts": null
          },
          "sensitive_attributes": [],
          "private": "eyJlMmJmYjczMC1lY2FhLTExZTYtOGY4OC0zNDM2M2JjN2M0YzAiOnsiY3JlYXRlIjoxMjAwMDAwMDAwMDAwLCJkZWxldGUiOjEyMDAwMDAwMDAwMDAsInVwZGF0ZSI6MTIwMDAwMDAwMDAwMH19",
          "dependencies": [
            "google_compute_network.network"
          ],
          "create_before_destroy": true
        }
      ]
    },
    {
      "mode": "managed",
      "type": "null_resource",
      "name": "lb_provisilboner",
      "provider": "provider[\"registry.terraform.io/hashicorp/null\"]",
      "instances": [
        {
          "schema_version": 0,
          "attributes": {
            "id": "4160536317997144769",
            "triggers": {
              "public_ip": "34.66.62.198"
            }
          },
          "sensitive_attributes": [],
          "private": "bnVsbA==",
          "dependencies": [
            "google_compute_address.lb",
            "google_compute_instance.lb-instance",
            "google_compute_network.network",
            "google_compute_subnetwork.network_subnetwor"
          ]
        }
      ]
    },
    {
      "mode": "managed",
      "type": "null_resource",
      "name": "master_provisilboner",
      "provider": "provider[\"registry.terraform.io/hashicorp/null\"]",
      "instances": [
        {
          "index_key": 0,
          "schema_version": 0,
          "attributes": {
            "id": "5019423251781309305",
            "triggers": {
              "public_ips": "104.198.153.55,34.67.87.52"
            }
          },
          "sensitive_attributes": [],
          "private": "bnVsbA==",
          "dependencies": [
            "google_compute_address.master",
            "google_compute_instance.master-instance",
            "google_compute_network.network",
            "google_compute_subnetwork.network_subnetwor"
          ]
        },
        {
          "index_key": 1,
          "schema_version": 0,
          "attributes": {
            "id": "5557624121113239510",
            "triggers": {
              "public_ips": "104.198.153.55,34.67.87.52"
            }
          },
          "sensitive_attributes": [],
          "private": "bnVsbA==",
          "dependencies": [
            "google_compute_address.master",
            "google_compute_instance.master-instance",
            "google_compute_network.network",
            "google_compute_subnetwork.network_subnetwor"
          ]
        }
      ]
    }
  ]
}
