{
  "version": 4,
  "terraform_version": "1.1.8",
  "serial": 87,
  "lineage": "78e4483b-170d-111d-b77f-05a0f972703e",
  "outputs": {},
  "resources": [
    {
      "mode": "managed",
      "type": "google_compute_address",
      "name": "lb",
      "provider": "provider[\"registry.terraform.io/hashicorp/google\"]",
      "instances": [
        {
          "schema_version": 0,
          "attributes": {
            "address": "35.188.99.48",
            "address_type": "EXTERNAL",
            "creation_timestamp": "2022-04-12T01:27:57.361-07:00",
            "description": "",
            "id": "projects/learning-devops-341309/regions/us-central1/addresses/lb-public-address",
            "name": "lb-public-address",
            "network": "",
            "network_tier": "PREMIUM",
            "prefix_length": 0,
            "project": "learning-devops-341309",
            "purpose": "",
            "region": "us-central1",
            "self_link": "https://www.googleapis.com/compute/v1/projects/learning-devops-341309/regions/us-central1/addresses/lb-public-address",
            "subnetwork": "",
            "timeouts": null,
            "users": []
          },
          "sensitive_attributes": [],
          "private": "eyJlMmJmYjczMC1lY2FhLTExZTYtOGY4OC0zNDM2M2JjN2M0YzAiOnsiY3JlYXRlIjoxMjAwMDAwMDAwMDAwLCJkZWxldGUiOjEyMDAwMDAwMDAwMDB9fQ=="
        }
      ]
    },
    {
      "mode": "managed",
      "type": "google_compute_address",
      "name": "master",
      "provider": "provider[\"registry.terraform.io/hashicorp/google\"]",
      "instances": [
        {
          "index_key": 0,
          "schema_version": 0,
          "attributes": {
            "address": "35.184.83.128",
            "address_type": "EXTERNAL",
            "creation_timestamp": "2022-04-12T01:27:57.359-07:00",
            "description": "",
            "id": "projects/learning-devops-341309/regions/us-central1/addresses/master1-public-address",
            "name": "master1-public-address",
            "network": "",
            "network_tier": "PREMIUM",
            "prefix_length": 0,
            "project": "learning-devops-341309",
            "purpose": "",
            "region": "us-central1",
            "self_link": "https://www.googleapis.com/compute/v1/projects/learning-devops-341309/regions/us-central1/addresses/master1-public-address",
            "subnetwork": "",
            "timeouts": null,
            "users": []
          },
          "sensitive_attributes": [],
          "private": "eyJlMmJmYjczMC1lY2FhLTExZTYtOGY4OC0zNDM2M2JjN2M0YzAiOnsiY3JlYXRlIjoxMjAwMDAwMDAwMDAwLCJkZWxldGUiOjEyMDAwMDAwMDAwMDB9fQ=="
        },
        {
          "index_key": 1,
          "schema_version": 0,
          "attributes": {
            "address": "34.134.63.189",
            "address_type": "EXTERNAL",
            "creation_timestamp": "2022-04-12T01:27:57.388-07:00",
            "description": "",
            "id": "projects/learning-devops-341309/regions/us-central1/addresses/master2-public-address",
            "name": "master2-public-address",
            "network": "",
            "network_tier": "PREMIUM",
            "prefix_length": 0,
            "project": "learning-devops-341309",
            "purpose": "",
            "region": "us-central1",
            "self_link": "https://www.googleapis.com/compute/v1/projects/learning-devops-341309/regions/us-central1/addresses/master2-public-address",
            "subnetwork": "",
            "timeouts": null,
            "users": []
          },
          "sensitive_attributes": [],
          "private": "eyJlMmJmYjczMC1lY2FhLTExZTYtOGY4OC0zNDM2M2JjN2M0YzAiOnsiY3JlYXRlIjoxMjAwMDAwMDAwMDAwLCJkZWxldGUiOjEyMDAwMDAwMDAwMDB9fQ=="
        }
      ]
    },
    {
      "mode": "managed",
      "type": "google_compute_firewall",
      "name": "http",
      "provider": "provider[\"registry.terraform.io/hashicorp/google\"]",
      "instances": [
        {
          "schema_version": 1,
          "attributes": {
            "allow": [
              {
                "ports": [
                  "80"
                ],
                "protocol": "tcp"
              }
            ],
            "creation_timestamp": "2022-04-12T01:28:40.297-07:00",
            "deny": [],
            "description": "",
            "destination_ranges": [],
            "direction": "INGRESS",
            "disabled": false,
            "enable_logging": null,
            "id": "projects/learning-devops-341309/global/firewalls/tf-firewall-http",
            "log_config": [],
            "name": "tf-firewall-http",
            "network": "https://www.googleapis.com/compute/v1/projects/learning-devops-341309/global/networks/tf",
            "priority": 1000,
            "project": "learning-devops-341309",
            "self_link": "https://www.googleapis.com/compute/v1/projects/learning-devops-341309/global/firewalls/tf-firewall-http",
            "source_ranges": [
              "0.0.0.0/0"
            ],
            "source_service_accounts": null,
            "source_tags": null,
            "target_service_accounts": null,
            "target_tags": [
              "tf-firewall-http"
            ],
            "timeouts": null
          },
          "sensitive_attributes": [],
          "private": "eyJlMmJmYjczMC1lY2FhLTExZTYtOGY4OC0zNDM2M2JjN2M0YzAiOnsiY3JlYXRlIjoxMjAwMDAwMDAwMDAwLCJkZWxldGUiOjEyMDAwMDAwMDAwMDAsInVwZGF0ZSI6MTIwMDAwMDAwMDAwMH0sInNjaGVtYV92ZXJzaW9uIjoiMSJ9",
          "dependencies": [
            "google_compute_network.network"
          ]
        }
      ]
    },
    {
      "mode": "managed",
      "type": "google_compute_firewall",
      "name": "https",
      "provider": "provider[\"registry.terraform.io/hashicorp/google\"]",
      "instances": [
        {
          "schema_version": 1,
          "attributes": {
            "allow": [
              {
                "ports": [
                  "443"
                ],
                "protocol": "tcp"
              }
            ],
            "creation_timestamp": "2022-04-12T01:28:40.487-07:00",
            "deny": [],
            "description": "",
            "destination_ranges": [],
            "direction": "INGRESS",
            "disabled": false,
            "enable_logging": null,
            "id": "projects/learning-devops-341309/global/firewalls/tf-firewall-https",
            "log_config": [],
            "name": "tf-firewall-https",
            "network": "https://www.googleapis.com/compute/v1/projects/learning-devops-341309/global/networks/tf",
            "priority": 1000,
            "project": "learning-devops-341309",
            "self_link": "https://www.googleapis.com/compute/v1/projects/learning-devops-341309/global/firewalls/tf-firewall-https",
            "source_ranges": [
              "0.0.0.0/0"
            ],
            "source_service_accounts": null,
            "source_tags": null,
            "target_service_accounts": null,
            "target_tags": [
              "tf-firewall-https"
            ],
            "timeouts": null
          },
          "sensitive_attributes": [],
          "private": "eyJlMmJmYjczMC1lY2FhLTExZTYtOGY4OC0zNDM2M2JjN2M0YzAiOnsiY3JlYXRlIjoxMjAwMDAwMDAwMDAwLCJkZWxldGUiOjEyMDAwMDAwMDAwMDAsInVwZGF0ZSI6MTIwMDAwMDAwMDAwMH0sInNjaGVtYV92ZXJzaW9uIjoiMSJ9",
          "dependencies": [
            "google_compute_network.network"
          ]
        }
      ]
    },
    {
      "mode": "managed",
      "type": "google_compute_firewall",
      "name": "icmp",
      "provider": "provider[\"registry.terraform.io/hashicorp/google\"]",
      "instances": [
        {
          "schema_version": 1,
          "attributes": {
            "allow": [
              {
                "ports": [],
                "protocol": "icmp"
              }
            ],
            "creation_timestamp": "2022-04-12T01:28:40.508-07:00",
            "deny": [],
            "description": "",
            "destination_ranges": [],
            "direction": "INGRESS",
            "disabled": false,
            "enable_logging": null,
            "id": "projects/learning-devops-341309/global/firewalls/tf-firewall-icmp",
            "log_config": [],
            "name": "tf-firewall-icmp",
            "network": "https://www.googleapis.com/compute/v1/projects/learning-devops-341309/global/networks/tf",
            "priority": 1000,
            "project": "learning-devops-341309",
            "self_link": "https://www.googleapis.com/compute/v1/projects/learning-devops-341309/global/firewalls/tf-firewall-icmp",
            "source_ranges": [
              "0.0.0.0/0"
            ],
            "source_service_accounts": null,
            "source_tags": null,
            "target_service_accounts": null,
            "target_tags": [
              "tf-firewall-icmp"
            ],
            "timeouts": null
          },
          "sensitive_attributes": [],
          "private": "eyJlMmJmYjczMC1lY2FhLTExZTYtOGY4OC0zNDM2M2JjN2M0YzAiOnsiY3JlYXRlIjoxMjAwMDAwMDAwMDAwLCJkZWxldGUiOjEyMDAwMDAwMDAwMDAsInVwZGF0ZSI6MTIwMDAwMDAwMDAwMH0sInNjaGVtYV92ZXJzaW9uIjoiMSJ9",
          "dependencies": [
            "google_compute_network.network"
          ]
        }
      ]
    },
    {
      "mode": "managed",
      "type": "google_compute_firewall",
      "name": "ssh",
      "provider": "provider[\"registry.terraform.io/hashicorp/google\"]",
      "instances": [
        {
          "schema_version": 1,
          "attributes": {
            "allow": [
              {
                "ports": [
                  "22"
                ],
                "protocol": "tcp"
              }
            ],
            "creation_timestamp": "2022-04-12T01:28:40.406-07:00",
            "deny": [],
            "description": "",
            "destination_ranges": [],
            "direction": "INGRESS",
            "disabled": false,
            "enable_logging": null,
            "id": "projects/learning-devops-341309/global/firewalls/tf-firewall-ssh",
            "log_config": [],
            "name": "tf-firewall-ssh",
            "network": "https://www.googleapis.com/compute/v1/projects/learning-devops-341309/global/networks/tf",
            "priority": 1000,
            "project": "learning-devops-341309",
            "self_link": "https://www.googleapis.com/compute/v1/projects/learning-devops-341309/global/firewalls/tf-firewall-ssh",
            "source_ranges": [
              "0.0.0.0/0"
            ],
            "source_service_accounts": null,
            "source_tags": null,
            "target_service_accounts": null,
            "target_tags": [
              "tf-firewall-ssh"
            ],
            "timeouts": null
          },
          "sensitive_attributes": [],
          "private": "eyJlMmJmYjczMC1lY2FhLTExZTYtOGY4OC0zNDM2M2JjN2M0YzAiOnsiY3JlYXRlIjoxMjAwMDAwMDAwMDAwLCJkZWxldGUiOjEyMDAwMDAwMDAwMDAsInVwZGF0ZSI6MTIwMDAwMDAwMDAwMH0sInNjaGVtYV92ZXJzaW9uIjoiMSJ9",
          "dependencies": [
            "google_compute_network.network"
          ]
        }
      ]
    },
    {
      "mode": "managed",
      "type": "google_compute_instance",
      "name": "lb-instance",
      "provider": "provider[\"registry.terraform.io/hashicorp/google\"]",
      "instances": [
        {
          "schema_version": 6,
          "attributes": {
            "advanced_machine_features": [],
            "allow_stopping_for_update": null,
            "attached_disk": [],
            "boot_disk": [
              {
                "auto_delete": true,
                "device_name": "persistent-disk-0",
                "disk_encryption_key_raw": "",
                "disk_encryption_key_sha256": "",
                "initialize_params": [
                  {
                    "image": "https://www.googleapis.com/compute/v1/projects/ubuntu-os-cloud/global/images/ubuntu-2004-focal-v20220404",
                    "labels": {},
                    "size": 30,
                    "type": "pd-standard"
                  }
                ],
                "kms_key_self_link": "",
                "mode": "READ_WRITE",
                "source": "https://www.googleapis.com/compute/v1/projects/learning-devops-341309/zones/us-central1-a/disks/lb"
              }
            ],
            "can_ip_forward": false,
            "confidential_instance_config": [],
            "cpu_platform": "Intel Broadwell",
            "current_status": "RUNNING",
            "deletion_protection": false,
            "description": "",
            "desired_status": null,
            "enable_display": false,
            "guest_accelerator": [],
            "hostname": "",
            "id": "projects/learning-devops-341309/zones/us-central1-a/instances/lb",
            "instance_id": "6595850888172570302",
            "label_fingerprint": "42WmSpB8rSM=",
            "labels": null,
            "machine_type": "e2-standard-2",
            "metadata": {
              "ssh-keys": "phuocpro1969:ssh-rsa AAAAB3NzaC1yc2EAAAADAQABAAABgQClc4uUrhPWI4TWddd1snhknApu4wRjrg2gVY55x4dIWoBguWQxUtgPyTAYJG6uoftkx1dhB9SE0w8TENKREFx685UkoZmwhyGM9X7fkb9Bv51Li+/pVRPzV6LHGF3Iq+OZdqG8JwXE7ftAhNghktJ9Jh3ZheMpNsMHdZzkTY3Vw7VIk7lyiD3SzoTZeD+cocFavi9dUwVuEQkrNHgoRO5ajNsiErldoOo/QGbz63gmGd8ikXXQctDBZVrAPWuqfJT4WL/DSs1+FBP2iIITqw4v0gQnAiYmJcZDk3Y6ZxNL/e1rMsN17le4I3fTG++pknOHDe5hOBK+xRVaZ9dgjw9GdYrmzJ8Suw5eVXZ0Gvv2Vo+UlmV1xoNPT0Nqqygd7Uzd1Z1KE71MtvWFeY7LdeJFYMuDRk+bzreXloEClNaTddYLThmmEjwHAt6k2G768l59xEXHl75jINyRiiKMwwYxFpYQz9Jrb+uzEiYWconMhYCP9/e29YsjuQg9Z6Rommk= phuocpro1969@gmail.com\r\n"
            },
            "metadata_fingerprint": "r0hHfc_7k6k=",
            "metadata_startup_script": null,
            "min_cpu_platform": "",
            "name": "lb",
            "network_interface": [
              {
                "access_config": [
                  {
                    "nat_ip": "35.188.99.48",
                    "network_tier": "PREMIUM",
                    "public_ptr_domain_name": ""
                  }
                ],
                "alias_ip_range": [],
                "ipv6_access_config": [],
                "ipv6_access_type": "",
                "name": "nic0",
                "network": "https://www.googleapis.com/compute/v1/projects/learning-devops-341309/global/networks/tf",
                "network_ip": "10.20.0.10",
                "nic_type": "",
                "queue_count": 0,
                "stack_type": "IPV4_ONLY",
                "subnetwork": "https://www.googleapis.com/compute/v1/projects/learning-devops-341309/regions/us-central1/subnetworks/tf-subnetwork-us-central1",
                "subnetwork_project": "learning-devops-341309"
              }
            ],
            "project": "learning-devops-341309",
            "reservation_affinity": [],
            "resource_policies": null,
            "scheduling": [
              {
                "automatic_restart": true,
                "min_node_cpus": 0,
                "node_affinities": [],
                "on_host_maintenance": "MIGRATE",
                "preemptible": false
              }
            ],
            "scratch_disk": [],
            "self_link": "https://www.googleapis.com/compute/v1/projects/learning-devops-341309/zones/us-central1-a/instances/lb",
            "service_account": [],
            "shielded_instance_config": [
              {
                "enable_integrity_monitoring": true,
                "enable_secure_boot": false,
                "enable_vtpm": true
              }
            ],
            "tags": [
              "tf-firewall-http",
              "tf-firewall-https",
              "tf-firewall-icmp",
              "tf-firewall-openshift-console",
              "tf-firewall-postgresql",
              "tf-firewall-secure-forward",
              "tf-firewall-ssh"
            ],
            "tags_fingerprint": "piFG-rp9Htw=",
            "timeouts": null,
            "zone": "us-central1-a"
          },
          "sensitive_attributes": [],
          "private": "eyJlMmJmYjczMC1lY2FhLTExZTYtOGY4OC0zNDM2M2JjN2M0YzAiOnsiY3JlYXRlIjoxMjAwMDAwMDAwMDAwLCJkZWxldGUiOjEyMDAwMDAwMDAwMDAsInVwZGF0ZSI6MTIwMDAwMDAwMDAwMH0sInNjaGVtYV92ZXJzaW9uIjoiNiJ9",
          "dependencies": [
            "google_compute_address.lb",
            "google_compute_network.network",
            "google_compute_subnetwork.network_subnetwor"
          ]
        }
      ]
    },
    {
      "mode": "managed",
      "type": "google_compute_instance",
      "name": "master-instance",
      "provider": "provider[\"registry.terraform.io/hashicorp/google\"]",
      "instances": [
        {
          "index_key": 0,
          "schema_version": 6,
          "attributes": {
            "advanced_machine_features": [],
            "allow_stopping_for_update": null,
            "attached_disk": [],
            "boot_disk": [
              {
                "auto_delete": true,
                "device_name": "persistent-disk-0",
                "disk_encryption_key_raw": "",
                "disk_encryption_key_sha256": "",
                "initialize_params": [
                  {
                    "image": "https://www.googleapis.com/compute/v1/projects/ubuntu-os-cloud/global/images/ubuntu-2004-focal-v20220404",
                    "labels": {},
                    "size": 30,
                    "type": "pd-standard"
                  }
                ],
                "kms_key_self_link": "",
                "mode": "READ_WRITE",
                "source": "https://www.googleapis.com/compute/v1/projects/learning-devops-341309/zones/us-central1-a/disks/master1"
              }
            ],
            "can_ip_forward": false,
            "confidential_instance_config": [],
            "cpu_platform": "Intel Broadwell",
            "current_status": "RUNNING",
            "deletion_protection": false,
            "description": "",
            "desired_status": null,
            "enable_display": false,
            "guest_accelerator": [],
            "hostname": "",
            "id": "projects/learning-devops-341309/zones/us-central1-a/instances/master1",
            "instance_id": "68863387080623806",
            "label_fingerprint": "42WmSpB8rSM=",
            "labels": null,
            "machine_type": "e2-standard-2",
            "metadata": {
              "ssh-keys": "phuocpro1969:ssh-rsa AAAAB3NzaC1yc2EAAAADAQABAAABgQClc4uUrhPWI4TWddd1snhknApu4wRjrg2gVY55x4dIWoBguWQxUtgPyTAYJG6uoftkx1dhB9SE0w8TENKREFx685UkoZmwhyGM9X7fkb9Bv51Li+/pVRPzV6LHGF3Iq+OZdqG8JwXE7ftAhNghktJ9Jh3ZheMpNsMHdZzkTY3Vw7VIk7lyiD3SzoTZeD+cocFavi9dUwVuEQkrNHgoRO5ajNsiErldoOo/QGbz63gmGd8ikXXQctDBZVrAPWuqfJT4WL/DSs1+FBP2iIITqw4v0gQnAiYmJcZDk3Y6ZxNL/e1rMsN17le4I3fTG++pknOHDe5hOBK+xRVaZ9dgjw9GdYrmzJ8Suw5eVXZ0Gvv2Vo+UlmV1xoNPT0Nqqygd7Uzd1Z1KE71MtvWFeY7LdeJFYMuDRk+bzreXloEClNaTddYLThmmEjwHAt6k2G768l59xEXHl75jINyRiiKMwwYxFpYQz9Jrb+uzEiYWconMhYCP9/e29YsjuQg9Z6Rommk= phuocpro1969@gmail.com\r\n"
            },
            "metadata_fingerprint": "r0hHfc_7k6k=",
            "metadata_startup_script": null,
            "min_cpu_platform": "",
            "name": "master1",
            "network_interface": [
              {
                "access_config": [
                  {
                    "nat_ip": "35.184.83.128",
                    "network_tier": "PREMIUM",
                    "public_ptr_domain_name": ""
                  }
                ],
                "alias_ip_range": [],
                "ipv6_access_config": [],
                "ipv6_access_type": "",
                "name": "nic0",
                "network": "https://www.googleapis.com/compute/v1/projects/learning-devops-341309/global/networks/tf",
                "network_ip": "10.20.0.11",
                "nic_type": "",
                "queue_count": 0,
                "stack_type": "IPV4_ONLY",
                "subnetwork": "https://www.googleapis.com/compute/v1/projects/learning-devops-341309/regions/us-central1/subnetworks/tf-subnetwork-us-central1",
                "subnetwork_project": "learning-devops-341309"
              }
            ],
            "project": "learning-devops-341309",
            "reservation_affinity": [],
            "resource_policies": null,
            "scheduling": [
              {
                "automatic_restart": true,
                "min_node_cpus": 0,
                "node_affinities": [],
                "on_host_maintenance": "MIGRATE",
                "preemptible": false
              }
            ],
            "scratch_disk": [],
            "self_link": "https://www.googleapis.com/compute/v1/projects/learning-devops-341309/zones/us-central1-a/instances/master1",
            "service_account": [],
            "shielded_instance_config": [
              {
                "enable_integrity_monitoring": true,
                "enable_secure_boot": false,
                "enable_vtpm": true
              }
            ],
            "tags": [
              "tf-firewall-http",
              "tf-firewall-https",
              "tf-firewall-icmp",
              "tf-firewall-openshift-console",
              "tf-firewall-postgresql",
              "tf-firewall-secure-forward",
              "tf-firewall-ssh"
            ],
            "tags_fingerprint": "piFG-rp9Htw=",
            "timeouts": null,
            "zone": "us-central1-a"
          },
          "sensitive_attributes": [],
          "private": "eyJlMmJmYjczMC1lY2FhLTExZTYtOGY4OC0zNDM2M2JjN2M0YzAiOnsiY3JlYXRlIjoxMjAwMDAwMDAwMDAwLCJkZWxldGUiOjEyMDAwMDAwMDAwMDAsInVwZGF0ZSI6MTIwMDAwMDAwMDAwMH0sInNjaGVtYV92ZXJzaW9uIjoiNiJ9",
          "dependencies": [
            "google_compute_address.master",
            "google_compute_network.network",
            "google_compute_subnetwork.network_subnetwor"
          ]
        },
        {
          "index_key": 1,
          "schema_version": 6,
          "attributes": {
            "advanced_machine_features": [],
            "allow_stopping_for_update": null,
            "attached_disk": [],
            "boot_disk": [
              {
                "auto_delete": true,
                "device_name": "persistent-disk-0",
                "disk_encryption_key_raw": "",
                "disk_encryption_key_sha256": "",
                "initialize_params": [
                  {
                    "image": "https://www.googleapis.com/compute/v1/projects/ubuntu-os-cloud/global/images/ubuntu-2004-focal-v20220404",
                    "labels": {},
                    "size": 30,
                    "type": "pd-standard"
                  }
                ],
                "kms_key_self_link": "",
                "mode": "READ_WRITE",
                "source": "https://www.googleapis.com/compute/v1/projects/learning-devops-341309/zones/us-central1-a/disks/master2"
              }
            ],
            "can_ip_forward": false,
            "confidential_instance_config": [],
            "cpu_platform": "Intel Broadwell",
            "current_status": "RUNNING",
            "deletion_protection": false,
            "description": "",
            "desired_status": null,
            "enable_display": false,
            "guest_accelerator": [],
            "hostname": "",
            "id": "projects/learning-devops-341309/zones/us-central1-a/instances/master2",
            "instance_id": "6009172610535425725",
            "label_fingerprint": "42WmSpB8rSM=",
            "labels": null,
            "machine_type": "e2-standard-2",
            "metadata": {
              "ssh-keys": "phuocpro1969:ssh-rsa AAAAB3NzaC1yc2EAAAADAQABAAABgQClc4uUrhPWI4TWddd1snhknApu4wRjrg2gVY55x4dIWoBguWQxUtgPyTAYJG6uoftkx1dhB9SE0w8TENKREFx685UkoZmwhyGM9X7fkb9Bv51Li+/pVRPzV6LHGF3Iq+OZdqG8JwXE7ftAhNghktJ9Jh3ZheMpNsMHdZzkTY3Vw7VIk7lyiD3SzoTZeD+cocFavi9dUwVuEQkrNHgoRO5ajNsiErldoOo/QGbz63gmGd8ikXXQctDBZVrAPWuqfJT4WL/DSs1+FBP2iIITqw4v0gQnAiYmJcZDk3Y6ZxNL/e1rMsN17le4I3fTG++pknOHDe5hOBK+xRVaZ9dgjw9GdYrmzJ8Suw5eVXZ0Gvv2Vo+UlmV1xoNPT0Nqqygd7Uzd1Z1KE71MtvWFeY7LdeJFYMuDRk+bzreXloEClNaTddYLThmmEjwHAt6k2G768l59xEXHl75jINyRiiKMwwYxFpYQz9Jrb+uzEiYWconMhYCP9/e29YsjuQg9Z6Rommk= phuocpro1969@gmail.com\r\n"
            },
            "metadata_fingerprint": "r0hHfc_7k6k=",
            "metadata_startup_script": null,
            "min_cpu_platform": "",
            "name": "master2",
            "network_interface": [
              {
                "access_config": [
                  {
                    "nat_ip": "34.134.63.189",
                    "network_tier": "PREMIUM",
                    "public_ptr_domain_name": ""
                  }
                ],
                "alias_ip_range": [],
                "ipv6_access_config": [],
                "ipv6_access_type": "",
                "name": "nic0",
                "network": "https://www.googleapis.com/compute/v1/projects/learning-devops-341309/global/networks/tf",
                "network_ip": "10.20.0.12",
                "nic_type": "",
                "queue_count": 0,
                "stack_type": "IPV4_ONLY",
                "subnetwork": "https://www.googleapis.com/compute/v1/projects/learning-devops-341309/regions/us-central1/subnetworks/tf-subnetwork-us-central1",
                "subnetwork_project": "learning-devops-341309"
              }
            ],
            "project": "learning-devops-341309",
            "reservation_affinity": [],
            "resource_policies": null,
            "scheduling": [
              {
                "automatic_restart": true,
                "min_node_cpus": 0,
                "node_affinities": [],
                "on_host_maintenance": "MIGRATE",
                "preemptible": false
              }
            ],
            "scratch_disk": [],
            "self_link": "https://www.googleapis.com/compute/v1/projects/learning-devops-341309/zones/us-central1-a/instances/master2",
            "service_account": [],
            "shielded_instance_config": [
              {
                "enable_integrity_monitoring": true,
                "enable_secure_boot": false,
                "enable_vtpm": true
              }
            ],
            "tags": [
              "tf-firewall-http",
              "tf-firewall-https",
              "tf-firewall-icmp",
              "tf-firewall-openshift-console",
              "tf-firewall-postgresql",
              "tf-firewall-secure-forward",
              "tf-firewall-ssh"
            ],
            "tags_fingerprint": "piFG-rp9Htw=",
            "timeouts": null,
            "zone": "us-central1-a"
          },
          "sensitive_attributes": [],
          "private": "eyJlMmJmYjczMC1lY2FhLTExZTYtOGY4OC0zNDM2M2JjN2M0YzAiOnsiY3JlYXRlIjoxMjAwMDAwMDAwMDAwLCJkZWxldGUiOjEyMDAwMDAwMDAwMDAsInVwZGF0ZSI6MTIwMDAwMDAwMDAwMH0sInNjaGVtYV92ZXJzaW9uIjoiNiJ9",
          "dependencies": [
            "google_compute_address.master",
            "google_compute_network.network",
            "google_compute_subnetwork.network_subnetwor"
          ]
        }
      ]
    },
    {
      "mode": "managed",
      "type": "google_compute_network",
      "name": "network",
      "provider": "provider[\"registry.terraform.io/hashicorp/google\"]",
      "instances": [
        {
          "schema_version": 0,
          "attributes": {
            "auto_create_subnetworks": true,
            "delete_default_routes_on_create": false,
            "description": "",
            "gateway_ipv4": "",
            "id": "projects/learning-devops-341309/global/networks/tf",
            "mtu": 0,
            "name": "tf",
            "project": "learning-devops-341309",
            "routing_mode": "REGIONAL",
            "self_link": "https://www.googleapis.com/compute/v1/projects/learning-devops-341309/global/networks/tf",
            "timeouts": null
          },
          "sensitive_attributes": [],
          "private": "eyJlMmJmYjczMC1lY2FhLTExZTYtOGY4OC0zNDM2M2JjN2M0YzAiOnsiY3JlYXRlIjoxMjAwMDAwMDAwMDAwLCJkZWxldGUiOjEyMDAwMDAwMDAwMDAsInVwZGF0ZSI6MTIwMDAwMDAwMDAwMH19"
        }
      ]
    },
    {
      "mode": "managed",
      "type": "google_compute_subnetwork",
      "name": "network_subnetwor",
      "provider": "provider[\"registry.terraform.io/hashicorp/google\"]",
      "instances": [
        {
          "schema_version": 0,
          "attributes": {
            "creation_timestamp": "2022-04-12T01:28:41.121-07:00",
            "description": "",
            "external_ipv6_prefix": "",
            "fingerprint": null,
            "gateway_address": "10.20.0.1",
            "id": "projects/learning-devops-341309/regions/us-central1/subnetworks/tf-subnetwork-us-central1",
            "ip_cidr_range": "10.20.0.0/16",
            "ipv6_access_type": "",
            "ipv6_cidr_range": "",
            "log_config": [],
            "name": "tf-subnetwork-us-central1",
            "network": "https://www.googleapis.com/compute/v1/projects/learning-devops-341309/global/networks/tf",
            "private_ip_google_access": false,
            "private_ipv6_google_access": "DISABLE_GOOGLE_ACCESS",
            "project": "learning-devops-341309",
            "purpose": "PRIVATE",
            "region": "us-central1",
            "role": "",
            "secondary_ip_range": [],
            "self_link": "https://www.googleapis.com/compute/v1/projects/learning-devops-341309/regions/us-central1/subnetworks/tf-subnetwork-us-central1",
            "stack_type": "IPV4_ONLY",
            "timeouts": null
          },
          "sensitive_attributes": [],
          "private": "eyJlMmJmYjczMC1lY2FhLTExZTYtOGY4OC0zNDM2M2JjN2M0YzAiOnsiY3JlYXRlIjoxMjAwMDAwMDAwMDAwLCJkZWxldGUiOjEyMDAwMDAwMDAwMDAsInVwZGF0ZSI6MTIwMDAwMDAwMDAwMH19",
          "dependencies": [
            "google_compute_network.network"
          ]
        }
      ]
    },
    {
      "mode": "managed",
      "type": "null_resource",
      "name": "lb_provisilboner",
      "provider": "provider[\"registry.terraform.io/hashicorp/null\"]",
      "instances": [
        {
          "schema_version": 0,
          "attributes": {
            "id": "1614394012022523067",
            "triggers": {
              "public_ip": "35.188.99.48"
            }
          },
          "sensitive_attributes": [],
          "private": "bnVsbA==",
          "dependencies": [
            "google_compute_address.lb",
            "google_compute_instance.lb-instance",
            "google_compute_network.network",
            "google_compute_subnetwork.network_subnetwor"
          ]
        }
      ]
    },
    {
      "mode": "managed",
      "type": "null_resource",
      "name": "master_provisilboner",
      "provider": "provider[\"registry.terraform.io/hashicorp/null\"]",
      "instances": [
        {
          "index_key": 0,
          "schema_version": 0,
          "attributes": {
            "id": "666722280667776299",
            "triggers": {
              "public_ips": "35.184.83.128,34.134.63.189"
            }
          },
          "sensitive_attributes": [],
          "private": "bnVsbA==",
          "dependencies": [
            "google_compute_address.master",
            "google_compute_instance.master-instance",
            "google_compute_network.network",
            "google_compute_subnetwork.network_subnetwor"
          ]
        },
        {
          "index_key": 1,
          "schema_version": 0,
          "attributes": {
            "id": "8034234664955978665",
            "triggers": {
              "public_ips": "35.184.83.128,34.134.63.189"
            }
          },
          "sensitive_attributes": [],
          "private": "bnVsbA==",
          "dependencies": [
            "google_compute_address.master",
            "google_compute_instance.master-instance",
            "google_compute_network.network",
            "google_compute_subnetwork.network_subnetwor"
          ]
        }
      ]
    }
  ]
}
